// !$*UTF8*$!
{
	archiveVersion = 1;
	classes = {
	};
	objectVersion = 50;
	objects = {

/* Begin PBXBuildFile section */
		04032851227FC72100AD8B66 /* XJPokerVC.m in Sources */ = {isa = PBXBuildFile; fileRef = 04032850227FC72100AD8B66 /* XJPokerVC.m */; };
		04032854227FC84200AD8B66 /* XJPoker.m in Sources */ = {isa = PBXBuildFile; fileRef = 04032853227FC84200AD8B66 /* XJPoker.m */; };
		04032858227FDD0300AD8B66 /* XJPokerView.m in Sources */ = {isa = PBXBuildFile; fileRef = 04032857227FDD0300AD8B66 /* XJPokerView.m */; };
		0403285E2280105000AD8B66 /* XJPokerPlayer.m in Sources */ = {isa = PBXBuildFile; fileRef = 0403285D2280105000AD8B66 /* XJPokerPlayer.m */; };
		0406C3E8227EEAB90058415F /* XJFMDBTool.m in Sources */ = {isa = PBXBuildFile; fileRef = 0406C3E7227EEAB90058415F /* XJFMDBTool.m */; };
		0406C3EB227EEB930058415F /* XJUserDefaults.m in Sources */ = {isa = PBXBuildFile; fileRef = 0406C3EA227EEB930058415F /* XJUserDefaults.m */; };
		0406C3EE227EEDB90058415F /* XJCircleDBTool.m in Sources */ = {isa = PBXBuildFile; fileRef = 0406C3ED227EEDB90058415F /* XJCircleDBTool.m */; };
		0406C3F3227EEF990058415F /* XJUser.m in Sources */ = {isa = PBXBuildFile; fileRef = 0406C3F2227EEF990058415F /* XJUser.m */; };
		040EAE75226804B6002C3D98 /* XJAllPickerVC.m in Sources */ = {isa = PBXBuildFile; fileRef = 040EAE74226804B6002C3D98 /* XJAllPickerVC.m */; };
		040EAE78226804DA002C3D98 /* XJPickerUtil.m in Sources */ = {isa = PBXBuildFile; fileRef = 040EAE77226804DA002C3D98 /* XJPickerUtil.m */; };
		040EAE7B22681611002C3D98 /* XJPickerCell.m in Sources */ = {isa = PBXBuildFile; fileRef = 040EAE7A22681611002C3D98 /* XJPickerCell.m */; };
		040EAE7D226822D0002C3D98 /* region.plist in Resources */ = {isa = PBXBuildFile; fileRef = 040EAE7C226822D0002C3D98 /* region.plist */; };
		040EAE8322685A63002C3D98 /* MWTestTowLineVC.m in Sources */ = {isa = PBXBuildFile; fileRef = 040EAE7F22685A63002C3D98 /* MWTestTowLineVC.m */; };
		040EAE8422685A63002C3D98 /* MWTestTowLineCell.m in Sources */ = {isa = PBXBuildFile; fileRef = 040EAE8122685A63002C3D98 /* MWTestTowLineCell.m */; };
		040EE11422656FB800C66475 /* XJEditFieldCell.m in Sources */ = {isa = PBXBuildFile; fileRef = 040EE11322656FB800C66475 /* XJEditFieldCell.m */; };
		040EE11722657FEE00C66475 /* XJHeadModel.m in Sources */ = {isa = PBXBuildFile; fileRef = 040EE11622657FEE00C66475 /* XJHeadModel.m */; };
		040EE11B2265958F00C66475 /* XJAppUtil.m in Sources */ = {isa = PBXBuildFile; fileRef = 040EE11A2265958F00C66475 /* XJAppUtil.m */; };
		040EE1212265AE3200C66475 /* XJEditInfoHelpVC.m in Sources */ = {isa = PBXBuildFile; fileRef = 040EE1202265AE3200C66475 /* XJEditInfoHelpVC.m */; };
		040EE1242265C79D00C66475 /* XJViewPhoto.m in Sources */ = {isa = PBXBuildFile; fileRef = 040EE1232265C79D00C66475 /* XJViewPhoto.m */; };
		040EE1272265C7B500C66475 /* XJSelectPhoto.m in Sources */ = {isa = PBXBuildFile; fileRef = 040EE1262265C7B500C66475 /* XJSelectPhoto.m */; };
		040EE12A2265C7CB00C66475 /* XJAlertView.m in Sources */ = {isa = PBXBuildFile; fileRef = 040EE1292265C7CB00C66475 /* XJAlertView.m */; };
		040EE12D2265C7E900C66475 /* XJActionSheet.m in Sources */ = {isa = PBXBuildFile; fileRef = 040EE12C2265C7E900C66475 /* XJActionSheet.m */; };
		040EE1302265C80700C66475 /* XJPickerView.m in Sources */ = {isa = PBXBuildFile; fileRef = 040EE12F2265C80700C66475 /* XJPickerView.m */; };
		040EE1332265D10700C66475 /* UIImage+color.m in Sources */ = {isa = PBXBuildFile; fileRef = 040EE1322265D10700C66475 /* UIImage+color.m */; };
		040F0F3022645A1500F5371B /* XJAddressBookCell.m in Sources */ = {isa = PBXBuildFile; fileRef = 040F0F2F22645A1500F5371B /* XJAddressBookCell.m */; };
		040F0F3322645A2800F5371B /* XJAddressBookModel.m in Sources */ = {isa = PBXBuildFile; fileRef = 040F0F3222645A2800F5371B /* XJAddressBookModel.m */; };
		040F0F3622645C6300F5371B /* XJAddressBookUtil.m in Sources */ = {isa = PBXBuildFile; fileRef = 040F0F3522645C6300F5371B /* XJAddressBookUtil.m */; };
		040F0F4622646AAB00F5371B /* NSString+PinYin4Cocoa.m in Sources */ = {isa = PBXBuildFile; fileRef = 040F0F3B22646AAB00F5371B /* NSString+PinYin4Cocoa.m */; };
		040F0F4722646AAB00F5371B /* PinyinHelper.m in Sources */ = {isa = PBXBuildFile; fileRef = 040F0F3E22646AAB00F5371B /* PinyinHelper.m */; };
		040F0F4822646AAB00F5371B /* HanyuPinyinOutputFormat.m in Sources */ = {isa = PBXBuildFile; fileRef = 040F0F4022646AAB00F5371B /* HanyuPinyinOutputFormat.m */; };
		040F0F4922646AAB00F5371B /* ChineseToPinyinResource.m in Sources */ = {isa = PBXBuildFile; fileRef = 040F0F4122646AAB00F5371B /* ChineseToPinyinResource.m */; };
		040F0F4A22646AAB00F5371B /* PinyinFormatter.m in Sources */ = {isa = PBXBuildFile; fileRef = 040F0F4222646AAB00F5371B /* PinyinFormatter.m */; };
		040F0F4B22646AAB00F5371B /* unicode_to_hanyu_pinyin.txt in Resources */ = {isa = PBXBuildFile; fileRef = 040F0F4522646AAB00F5371B /* unicode_to_hanyu_pinyin.txt */; };
		040F0F52226471D400F5371B /* XJDiscoveryUtil.m in Sources */ = {isa = PBXBuildFile; fileRef = 040F0F51226471D400F5371B /* XJDiscoveryUtil.m */; };
		040F0F5A22647A1A00F5371B /* XJCircleListVC.m in Sources */ = {isa = PBXBuildFile; fileRef = 040F0F5922647A1A00F5371B /* XJCircleListVC.m */; };
		040F0F5D22647A2B00F5371B /* XJCircleListCell.m in Sources */ = {isa = PBXBuildFile; fileRef = 040F0F5C22647A2B00F5371B /* XJCircleListCell.m */; };
		040F0F6022647B0500F5371B /* XJCircleListModel.m in Sources */ = {isa = PBXBuildFile; fileRef = 040F0F5F22647B0500F5371B /* XJCircleListModel.m */; };
		040F0F6922648C4700F5371B /* XJEditInfoVC.m in Sources */ = {isa = PBXBuildFile; fileRef = 040F0F6822648C4700F5371B /* XJEditInfoVC.m */; };
		040F0F6C22648C5800F5371B /* XJEditInfoModel.m in Sources */ = {isa = PBXBuildFile; fileRef = 040F0F6B22648C5800F5371B /* XJEditInfoModel.m */; };
		040F0F6F22648D4D00F5371B /* XJEditHeadCell.m in Sources */ = {isa = PBXBuildFile; fileRef = 040F0F6E22648D4D00F5371B /* XJEditHeadCell.m */; };
		040F0F7222648D6300F5371B /* XJEditLbCell.m in Sources */ = {isa = PBXBuildFile; fileRef = 040F0F7122648D6300F5371B /* XJEditLbCell.m */; };
		040F0F7522648D6F00F5371B /* XJEditImageCell.m in Sources */ = {isa = PBXBuildFile; fileRef = 040F0F7422648D6F00F5371B /* XJEditImageCell.m */; };
		040F0F7822648DCF00F5371B /* XJEditQuestionCell.m in Sources */ = {isa = PBXBuildFile; fileRef = 040F0F7722648DCF00F5371B /* XJEditQuestionCell.m */; };
		040F0F7B22648E1F00F5371B /* XJEditBaseCell.m in Sources */ = {isa = PBXBuildFile; fileRef = 040F0F7A22648E1F00F5371B /* XJEditBaseCell.m */; };
		040F0F7E22648E3900F5371B /* XJEditInfoUtil.m in Sources */ = {isa = PBXBuildFile; fileRef = 040F0F7D22648E3900F5371B /* XJEditInfoUtil.m */; };
		0430ABE3225C3DEF00236154 /* XJBaseVC.m in Sources */ = {isa = PBXBuildFile; fileRef = 0430ABE2225C3DEF00236154 /* XJBaseVC.m */; };
		0430ABE6225C3E1000236154 /* XJBaseTableVC.m in Sources */ = {isa = PBXBuildFile; fileRef = 0430ABE5225C3E1000236154 /* XJBaseTableVC.m */; };
		0430ABE9225C3E2100236154 /* XJBaseWebVC.m in Sources */ = {isa = PBXBuildFile; fileRef = 0430ABE8225C3E2100236154 /* XJBaseWebVC.m */; };
		0430ABF1225C3EAE00236154 /* XJMessageMainVC.m in Sources */ = {isa = PBXBuildFile; fileRef = 0430ABF0225C3EAE00236154 /* XJMessageMainVC.m */; };
		0430ABF4225C3EBD00236154 /* XJAddressBookMainVC.m in Sources */ = {isa = PBXBuildFile; fileRef = 0430ABF3225C3EBD00236154 /* XJAddressBookMainVC.m */; };
		0430ABF7225C3ECC00236154 /* XJDiscoveryMainVC.m in Sources */ = {isa = PBXBuildFile; fileRef = 0430ABF6225C3ECC00236154 /* XJDiscoveryMainVC.m */; };
		0430ABFA225C3ED700236154 /* XJMineMainVC.m in Sources */ = {isa = PBXBuildFile; fileRef = 0430ABF9225C3ED700236154 /* XJMineMainVC.m */; };
		0430ABFD225C3F1B00236154 /* XJTabBarVC.m in Sources */ = {isa = PBXBuildFile; fileRef = 0430ABFC225C3F1B00236154 /* XJTabBarVC.m */; };
		0430AC00225C3F2D00236154 /* XJLoginVC.m in Sources */ = {isa = PBXBuildFile; fileRef = 0430ABFF225C3F2D00236154 /* XJLoginVC.m */; };
		04335C4722731CF9003A9779 /* XJMaxLengthVC.m in Sources */ = {isa = PBXBuildFile; fileRef = 04335C4622731CF9003A9779 /* XJMaxLengthVC.m */; };
		044C991B225D9C1D0030AE9A /* XJChatVC.m in Sources */ = {isa = PBXBuildFile; fileRef = 044C991A225D9C1D0030AE9A /* XJChatVC.m */; };
		044C9940225DA38B0030AE9A /* ZZJBlockBarButtonItem.m in Sources */ = {isa = PBXBuildFile; fileRef = 044C993F225DA38B0030AE9A /* ZZJBlockBarButtonItem.m */; };
		044C9943225DA4C50030AE9A /* UIColor+AppColor.m in Sources */ = {isa = PBXBuildFile; fileRef = 044C9942225DA4C50030AE9A /* UIColor+AppColor.m */; };
		044C9948225DC5700030AE9A /* XJNavigationController.m in Sources */ = {isa = PBXBuildFile; fileRef = 044C9947225DC5700030AE9A /* XJNavigationController.m */; };
		044C994B225DC63D0030AE9A /* AppDelegate+Config.m in Sources */ = {isa = PBXBuildFile; fileRef = 044C994A225DC63D0030AE9A /* AppDelegate+Config.m */; };
		044C994F225DE9BD0030AE9A /* XJConversationCell.m in Sources */ = {isa = PBXBuildFile; fileRef = 044C994E225DE9BD0030AE9A /* XJConversationCell.m */; };
		044C9953225DEA5A0030AE9A /* XJConversationModel.m in Sources */ = {isa = PBXBuildFile; fileRef = 044C9952225DEA5A0030AE9A /* XJConversationModel.m */; };
		044C9957225DED850030AE9A /* UIView+Create.m in Sources */ = {isa = PBXBuildFile; fileRef = 044C9956225DED850030AE9A /* UIView+Create.m */; };
		044C995A225DF1150030AE9A /* UIView+Ex.m in Sources */ = {isa = PBXBuildFile; fileRef = 044C9959225DF1150030AE9A /* UIView+Ex.m */; };
		04799908225EEA8C00470217 /* XJMessageBaseCell.m in Sources */ = {isa = PBXBuildFile; fileRef = 04799907225EEA8C00470217 /* XJMessageBaseCell.m */; };
		0479990D225EEB2100470217 /* XJChatUtil.m in Sources */ = {isa = PBXBuildFile; fileRef = 0479990C225EEB2100470217 /* XJChatUtil.m */; };
		04799911225EEE1500470217 /* XJMessageTextCell.m in Sources */ = {isa = PBXBuildFile; fileRef = 04799910225EEE1500470217 /* XJMessageTextCell.m */; };
		04799914225EEE2C00470217 /* XJMessageImageCell.m in Sources */ = {isa = PBXBuildFile; fileRef = 04799913225EEE2C00470217 /* XJMessageImageCell.m */; };
		04799917225EEE3700470217 /* XJMessageVoiceCell.m in Sources */ = {isa = PBXBuildFile; fileRef = 04799916225EEE3700470217 /* XJMessageVoiceCell.m */; };
		0479991D225EEF2800470217 /* XJMessageVideoCell.m in Sources */ = {isa = PBXBuildFile; fileRef = 0479991C225EEF2800470217 /* XJMessageVideoCell.m */; };
		04799920225EEF5800470217 /* XJMessageModel.m in Sources */ = {isa = PBXBuildFile; fileRef = 0479991F225EEF5800470217 /* XJMessageModel.m */; };
		04799923225EEF6E00470217 /* XJMessageLocationCell.m in Sources */ = {isa = PBXBuildFile; fileRef = 04799922225EEF6E00470217 /* XJMessageLocationCell.m */; };
		04799926225EEF9F00470217 /* XJMessageTipsCell.m in Sources */ = {isa = PBXBuildFile; fileRef = 04799925225EEF9F00470217 /* XJMessageTipsCell.m */; };
		0479992A225EFAE600470217 /* XJLocationModel.m in Sources */ = {isa = PBXBuildFile; fileRef = 04799929225EFAE600470217 /* XJLocationModel.m */; };
		04799933225F403F00470217 /* SDPhotoBrowser.m in Sources */ = {isa = PBXBuildFile; fileRef = 0479992D225F403F00470217 /* SDPhotoBrowser.m */; };
		04799934225F403F00470217 /* SDWaitingView.m in Sources */ = {isa = PBXBuildFile; fileRef = 0479992E225F403F00470217 /* SDWaitingView.m */; };
		04799935225F403F00470217 /* SDBrowserImageView.m in Sources */ = {isa = PBXBuildFile; fileRef = 0479992F225F403F00470217 /* SDBrowserImageView.m */; };
		04ADEBB92266C1790029E3BD /* XJEditSelectDataVC.m in Sources */ = {isa = PBXBuildFile; fileRef = 04ADEBB82266C1790029E3BD /* XJEditSelectDataVC.m */; };
		04ADEBBC2266C2800029E3BD /* XJEditSelectSchoolVC.m in Sources */ = {isa = PBXBuildFile; fileRef = 04ADEBBB2266C2800029E3BD /* XJEditSelectSchoolVC.m */; };
		04ADEBBF2266D9A10029E3BD /* XJHud.m in Sources */ = {isa = PBXBuildFile; fileRef = 04ADEBBE2266D9A10029E3BD /* XJHud.m */; };
		04ADEBC722670C1D0029E3BD /* XJLabel.m in Sources */ = {isa = PBXBuildFile; fileRef = 04ADEBC622670C1D0029E3BD /* XJLabel.m */; };
		04ADEBCA2267215D0029E3BD /* XJPickerModel.m in Sources */ = {isa = PBXBuildFile; fileRef = 04ADEBC92267215D0029E3BD /* XJPickerModel.m */; };
		04E4D4FB225C351D0067D70C /* AppDelegate.m in Sources */ = {isa = PBXBuildFile; fileRef = 04E4D4FA225C351D0067D70C /* AppDelegate.m */; };
		04E4D503225C351E0067D70C /* Assets.xcassets in Resources */ = {isa = PBXBuildFile; fileRef = 04E4D502225C351E0067D70C /* Assets.xcassets */; };
		04E4D509225C351E0067D70C /* main.m in Sources */ = {isa = PBXBuildFile; fileRef = 04E4D508225C351E0067D70C /* main.m */; };
		0917F4919428359CAB7FA721 /* libPods-XJ_WeChat.a in Frameworks */ = {isa = PBXBuildFile; fileRef = 5568D3D8DE577F01BBF8D9C5 /* libPods-XJ_WeChat.a */; };
/* End PBXBuildFile section */

/* Begin PBXFileReference section */
		0403284F227FC72100AD8B66 /* XJPokerVC.h */ = {isa = PBXFileReference; lastKnownFileType = sourcecode.c.h; path = XJPokerVC.h; sourceTree = "<group>"; };
		04032850227FC72100AD8B66 /* XJPokerVC.m */ = {isa = PBXFileReference; lastKnownFileType = sourcecode.c.objc; path = XJPokerVC.m; sourceTree = "<group>"; };
		04032852227FC84200AD8B66 /* XJPoker.h */ = {isa = PBXFileReference; lastKnownFileType = sourcecode.c.h; path = XJPoker.h; sourceTree = "<group>"; };
		04032853227FC84200AD8B66 /* XJPoker.m */ = {isa = PBXFileReference; lastKnownFileType = sourcecode.c.objc; path = XJPoker.m; sourceTree = "<group>"; };
		04032856227FDD0300AD8B66 /* XJPokerView.h */ = {isa = PBXFileReference; lastKnownFileType = sourcecode.c.h; path = XJPokerView.h; sourceTree = "<group>"; };
		04032857227FDD0300AD8B66 /* XJPokerView.m */ = {isa = PBXFileReference; lastKnownFileType = sourcecode.c.objc; path = XJPokerView.m; sourceTree = "<group>"; };
		0403285C2280105000AD8B66 /* XJPokerPlayer.h */ = {isa = PBXFileReference; lastKnownFileType = sourcecode.c.h; path = XJPokerPlayer.h; sourceTree = "<group>"; };
		0403285D2280105000AD8B66 /* XJPokerPlayer.m */ = {isa = PBXFileReference; lastKnownFileType = sourcecode.c.objc; path = XJPokerPlayer.m; sourceTree = "<group>"; };
		0406C3E6227EEAB90058415F /* XJFMDBTool.h */ = {isa = PBXFileReference; lastKnownFileType = sourcecode.c.h; path = XJFMDBTool.h; sourceTree = "<group>"; };
		0406C3E7227EEAB90058415F /* XJFMDBTool.m */ = {isa = PBXFileReference; lastKnownFileType = sourcecode.c.objc; path = XJFMDBTool.m; sourceTree = "<group>"; };
		0406C3E9227EEB930058415F /* XJUserDefaults.h */ = {isa = PBXFileReference; lastKnownFileType = sourcecode.c.h; path = XJUserDefaults.h; sourceTree = "<group>"; };
		0406C3EA227EEB930058415F /* XJUserDefaults.m */ = {isa = PBXFileReference; lastKnownFileType = sourcecode.c.objc; path = XJUserDefaults.m; sourceTree = "<group>"; };
		0406C3EC227EEDB90058415F /* XJCircleDBTool.h */ = {isa = PBXFileReference; lastKnownFileType = sourcecode.c.h; path = XJCircleDBTool.h; sourceTree = "<group>"; };
		0406C3ED227EEDB90058415F /* XJCircleDBTool.m */ = {isa = PBXFileReference; lastKnownFileType = sourcecode.c.objc; path = XJCircleDBTool.m; sourceTree = "<group>"; };
		0406C3F1227EEF990058415F /* XJUser.h */ = {isa = PBXFileReference; lastKnownFileType = sourcecode.c.h; path = XJUser.h; sourceTree = "<group>"; };
		0406C3F2227EEF990058415F /* XJUser.m */ = {isa = PBXFileReference; lastKnownFileType = sourcecode.c.objc; path = XJUser.m; sourceTree = "<group>"; };
		040EAE73226804B6002C3D98 /* XJAllPickerVC.h */ = {isa = PBXFileReference; lastKnownFileType = sourcecode.c.h; path = XJAllPickerVC.h; sourceTree = "<group>"; };
		040EAE74226804B6002C3D98 /* XJAllPickerVC.m */ = {isa = PBXFileReference; lastKnownFileType = sourcecode.c.objc; path = XJAllPickerVC.m; sourceTree = "<group>"; };
		040EAE76226804DA002C3D98 /* XJPickerUtil.h */ = {isa = PBXFileReference; lastKnownFileType = sourcecode.c.h; path = XJPickerUtil.h; sourceTree = "<group>"; };
		040EAE77226804DA002C3D98 /* XJPickerUtil.m */ = {isa = PBXFileReference; lastKnownFileType = sourcecode.c.objc; path = XJPickerUtil.m; sourceTree = "<group>"; };
		040EAE7922681611002C3D98 /* XJPickerCell.h */ = {isa = PBXFileReference; lastKnownFileType = sourcecode.c.h; path = XJPickerCell.h; sourceTree = "<group>"; };
		040EAE7A22681611002C3D98 /* XJPickerCell.m */ = {isa = PBXFileReference; lastKnownFileType = sourcecode.c.objc; path = XJPickerCell.m; sourceTree = "<group>"; };
		040EAE7C226822D0002C3D98 /* region.plist */ = {isa = PBXFileReference; fileEncoding = 4; lastKnownFileType = text.plist.xml; path = region.plist; sourceTree = "<group>"; };
		040EAE7F22685A63002C3D98 /* MWTestTowLineVC.m */ = {isa = PBXFileReference; fileEncoding = 4; lastKnownFileType = sourcecode.c.objc; path = MWTestTowLineVC.m; sourceTree = "<group>"; };
		040EAE8022685A63002C3D98 /* MWTestTowLineCell.h */ = {isa = PBXFileReference; fileEncoding = 4; lastKnownFileType = sourcecode.c.h; path = MWTestTowLineCell.h; sourceTree = "<group>"; };
		040EAE8122685A63002C3D98 /* MWTestTowLineCell.m */ = {isa = PBXFileReference; fileEncoding = 4; lastKnownFileType = sourcecode.c.objc; path = MWTestTowLineCell.m; sourceTree = "<group>"; };
		040EAE8222685A63002C3D98 /* MWTestTowLineVC.h */ = {isa = PBXFileReference; fileEncoding = 4; lastKnownFileType = sourcecode.c.h; path = MWTestTowLineVC.h; sourceTree = "<group>"; };
		040EE11222656FB800C66475 /* XJEditFieldCell.h */ = {isa = PBXFileReference; lastKnownFileType = sourcecode.c.h; path = XJEditFieldCell.h; sourceTree = "<group>"; };
		040EE11322656FB800C66475 /* XJEditFieldCell.m */ = {isa = PBXFileReference; lastKnownFileType = sourcecode.c.objc; path = XJEditFieldCell.m; sourceTree = "<group>"; };
		040EE11522657FEE00C66475 /* XJHeadModel.h */ = {isa = PBXFileReference; lastKnownFileType = sourcecode.c.h; path = XJHeadModel.h; sourceTree = "<group>"; };
		040EE11622657FEE00C66475 /* XJHeadModel.m */ = {isa = PBXFileReference; lastKnownFileType = sourcecode.c.objc; path = XJHeadModel.m; sourceTree = "<group>"; };
		040EE1192265958F00C66475 /* XJAppUtil.h */ = {isa = PBXFileReference; lastKnownFileType = sourcecode.c.h; path = XJAppUtil.h; sourceTree = "<group>"; };
		040EE11A2265958F00C66475 /* XJAppUtil.m */ = {isa = PBXFileReference; lastKnownFileType = sourcecode.c.objc; path = XJAppUtil.m; sourceTree = "<group>"; };
		040EE11F2265AE3200C66475 /* XJEditInfoHelpVC.h */ = {isa = PBXFileReference; lastKnownFileType = sourcecode.c.h; path = XJEditInfoHelpVC.h; sourceTree = "<group>"; };
		040EE1202265AE3200C66475 /* XJEditInfoHelpVC.m */ = {isa = PBXFileReference; lastKnownFileType = sourcecode.c.objc; path = XJEditInfoHelpVC.m; sourceTree = "<group>"; };
		040EE1222265C79D00C66475 /* XJViewPhoto.h */ = {isa = PBXFileReference; lastKnownFileType = sourcecode.c.h; path = XJViewPhoto.h; sourceTree = "<group>"; };
		040EE1232265C79D00C66475 /* XJViewPhoto.m */ = {isa = PBXFileReference; lastKnownFileType = sourcecode.c.objc; path = XJViewPhoto.m; sourceTree = "<group>"; };
		040EE1252265C7B500C66475 /* XJSelectPhoto.h */ = {isa = PBXFileReference; lastKnownFileType = sourcecode.c.h; path = XJSelectPhoto.h; sourceTree = "<group>"; };
		040EE1262265C7B500C66475 /* XJSelectPhoto.m */ = {isa = PBXFileReference; lastKnownFileType = sourcecode.c.objc; path = XJSelectPhoto.m; sourceTree = "<group>"; };
		040EE1282265C7CB00C66475 /* XJAlertView.h */ = {isa = PBXFileReference; lastKnownFileType = sourcecode.c.h; path = XJAlertView.h; sourceTree = "<group>"; };
		040EE1292265C7CB00C66475 /* XJAlertView.m */ = {isa = PBXFileReference; lastKnownFileType = sourcecode.c.objc; path = XJAlertView.m; sourceTree = "<group>"; };
		040EE12B2265C7E900C66475 /* XJActionSheet.h */ = {isa = PBXFileReference; lastKnownFileType = sourcecode.c.h; path = XJActionSheet.h; sourceTree = "<group>"; };
		040EE12C2265C7E900C66475 /* XJActionSheet.m */ = {isa = PBXFileReference; lastKnownFileType = sourcecode.c.objc; path = XJActionSheet.m; sourceTree = "<group>"; };
		040EE12E2265C80700C66475 /* XJPickerView.h */ = {isa = PBXFileReference; lastKnownFileType = sourcecode.c.h; path = XJPickerView.h; sourceTree = "<group>"; };
		040EE12F2265C80700C66475 /* XJPickerView.m */ = {isa = PBXFileReference; lastKnownFileType = sourcecode.c.objc; path = XJPickerView.m; sourceTree = "<group>"; };
		040EE1312265D10700C66475 /* UIImage+color.h */ = {isa = PBXFileReference; lastKnownFileType = sourcecode.c.h; path = "UIImage+color.h"; sourceTree = "<group>"; };
		040EE1322265D10700C66475 /* UIImage+color.m */ = {isa = PBXFileReference; lastKnownFileType = sourcecode.c.objc; path = "UIImage+color.m"; sourceTree = "<group>"; };
		040F0F2E22645A1500F5371B /* XJAddressBookCell.h */ = {isa = PBXFileReference; lastKnownFileType = sourcecode.c.h; path = XJAddressBookCell.h; sourceTree = "<group>"; };
		040F0F2F22645A1500F5371B /* XJAddressBookCell.m */ = {isa = PBXFileReference; lastKnownFileType = sourcecode.c.objc; path = XJAddressBookCell.m; sourceTree = "<group>"; };
		040F0F3122645A2800F5371B /* XJAddressBookModel.h */ = {isa = PBXFileReference; lastKnownFileType = sourcecode.c.h; path = XJAddressBookModel.h; sourceTree = "<group>"; };
		040F0F3222645A2800F5371B /* XJAddressBookModel.m */ = {isa = PBXFileReference; lastKnownFileType = sourcecode.c.objc; path = XJAddressBookModel.m; sourceTree = "<group>"; };
		040F0F3422645C6300F5371B /* XJAddressBookUtil.h */ = {isa = PBXFileReference; lastKnownFileType = sourcecode.c.h; path = XJAddressBookUtil.h; sourceTree = "<group>"; };
		040F0F3522645C6300F5371B /* XJAddressBookUtil.m */ = {isa = PBXFileReference; lastKnownFileType = sourcecode.c.objc; path = XJAddressBookUtil.m; sourceTree = "<group>"; };
		040F0F3922646AAB00F5371B /* PinyinHelper.h */ = {isa = PBXFileReference; fileEncoding = 4; lastKnownFileType = sourcecode.c.h; path = PinyinHelper.h; sourceTree = "<group>"; };
		040F0F3A22646AAB00F5371B /* HanyuPinyinOutputFormat.h */ = {isa = PBXFileReference; fileEncoding = 4; lastKnownFileType = sourcecode.c.h; path = HanyuPinyinOutputFormat.h; sourceTree = "<group>"; };
		040F0F3B22646AAB00F5371B /* NSString+PinYin4Cocoa.m */ = {isa = PBXFileReference; fileEncoding = 4; lastKnownFileType = sourcecode.c.objc; path = "NSString+PinYin4Cocoa.m"; sourceTree = "<group>"; };
		040F0F3C22646AAB00F5371B /* ChineseToPinyinResource.h */ = {isa = PBXFileReference; fileEncoding = 4; lastKnownFileType = sourcecode.c.h; path = ChineseToPinyinResource.h; sourceTree = "<group>"; };
		040F0F3D22646AAB00F5371B /* PinyinFormatter.h */ = {isa = PBXFileReference; fileEncoding = 4; lastKnownFileType = sourcecode.c.h; path = PinyinFormatter.h; sourceTree = "<group>"; };
		040F0F3E22646AAB00F5371B /* PinyinHelper.m */ = {isa = PBXFileReference; fileEncoding = 4; lastKnownFileType = sourcecode.c.objc; path = PinyinHelper.m; sourceTree = "<group>"; };
		040F0F3F22646AAB00F5371B /* NSString+PinYin4Cocoa.h */ = {isa = PBXFileReference; fileEncoding = 4; lastKnownFileType = sourcecode.c.h; path = "NSString+PinYin4Cocoa.h"; sourceTree = "<group>"; };
		040F0F4022646AAB00F5371B /* HanyuPinyinOutputFormat.m */ = {isa = PBXFileReference; fileEncoding = 4; lastKnownFileType = sourcecode.c.objc; path = HanyuPinyinOutputFormat.m; sourceTree = "<group>"; };
		040F0F4122646AAB00F5371B /* ChineseToPinyinResource.m */ = {isa = PBXFileReference; fileEncoding = 4; lastKnownFileType = sourcecode.c.objc; path = ChineseToPinyinResource.m; sourceTree = "<group>"; };
		040F0F4222646AAB00F5371B /* PinyinFormatter.m */ = {isa = PBXFileReference; fileEncoding = 4; lastKnownFileType = sourcecode.c.objc; path = PinyinFormatter.m; sourceTree = "<group>"; };
		040F0F4322646AAB00F5371B /* PinYin4Objc.h */ = {isa = PBXFileReference; fileEncoding = 4; lastKnownFileType = sourcecode.c.h; path = PinYin4Objc.h; sourceTree = "<group>"; };
		040F0F4522646AAB00F5371B /* unicode_to_hanyu_pinyin.txt */ = {isa = PBXFileReference; fileEncoding = 4; lastKnownFileType = text; path = unicode_to_hanyu_pinyin.txt; sourceTree = "<group>"; };
		040F0F50226471D400F5371B /* XJDiscoveryUtil.h */ = {isa = PBXFileReference; lastKnownFileType = sourcecode.c.h; path = XJDiscoveryUtil.h; sourceTree = "<group>"; };
		040F0F51226471D400F5371B /* XJDiscoveryUtil.m */ = {isa = PBXFileReference; lastKnownFileType = sourcecode.c.objc; path = XJDiscoveryUtil.m; sourceTree = "<group>"; };
		040F0F5822647A1A00F5371B /* XJCircleListVC.h */ = {isa = PBXFileReference; lastKnownFileType = sourcecode.c.h; path = XJCircleListVC.h; sourceTree = "<group>"; };
		040F0F5922647A1A00F5371B /* XJCircleListVC.m */ = {isa = PBXFileReference; lastKnownFileType = sourcecode.c.objc; path = XJCircleListVC.m; sourceTree = "<group>"; };
		040F0F5B22647A2B00F5371B /* XJCircleListCell.h */ = {isa = PBXFileReference; lastKnownFileType = sourcecode.c.h; path = XJCircleListCell.h; sourceTree = "<group>"; };
		040F0F5C22647A2B00F5371B /* XJCircleListCell.m */ = {isa = PBXFileReference; lastKnownFileType = sourcecode.c.objc; path = XJCircleListCell.m; sourceTree = "<group>"; };
		040F0F5E22647B0500F5371B /* XJCircleListModel.h */ = {isa = PBXFileReference; lastKnownFileType = sourcecode.c.h; path = XJCircleListModel.h; sourceTree = "<group>"; };
		040F0F5F22647B0500F5371B /* XJCircleListModel.m */ = {isa = PBXFileReference; lastKnownFileType = sourcecode.c.objc; path = XJCircleListModel.m; sourceTree = "<group>"; };
		040F0F6722648C4700F5371B /* XJEditInfoVC.h */ = {isa = PBXFileReference; lastKnownFileType = sourcecode.c.h; path = XJEditInfoVC.h; sourceTree = "<group>"; };
		040F0F6822648C4700F5371B /* XJEditInfoVC.m */ = {isa = PBXFileReference; lastKnownFileType = sourcecode.c.objc; path = XJEditInfoVC.m; sourceTree = "<group>"; };
		040F0F6A22648C5800F5371B /* XJEditInfoModel.h */ = {isa = PBXFileReference; lastKnownFileType = sourcecode.c.h; path = XJEditInfoModel.h; sourceTree = "<group>"; };
		040F0F6B22648C5800F5371B /* XJEditInfoModel.m */ = {isa = PBXFileReference; lastKnownFileType = sourcecode.c.objc; path = XJEditInfoModel.m; sourceTree = "<group>"; };
		040F0F6D22648D4D00F5371B /* XJEditHeadCell.h */ = {isa = PBXFileReference; lastKnownFileType = sourcecode.c.h; path = XJEditHeadCell.h; sourceTree = "<group>"; };
		040F0F6E22648D4D00F5371B /* XJEditHeadCell.m */ = {isa = PBXFileReference; lastKnownFileType = sourcecode.c.objc; path = XJEditHeadCell.m; sourceTree = "<group>"; };
		040F0F7022648D6300F5371B /* XJEditLbCell.h */ = {isa = PBXFileReference; lastKnownFileType = sourcecode.c.h; path = XJEditLbCell.h; sourceTree = "<group>"; };
		040F0F7122648D6300F5371B /* XJEditLbCell.m */ = {isa = PBXFileReference; lastKnownFileType = sourcecode.c.objc; path = XJEditLbCell.m; sourceTree = "<group>"; };
		040F0F7322648D6F00F5371B /* XJEditImageCell.h */ = {isa = PBXFileReference; lastKnownFileType = sourcecode.c.h; path = XJEditImageCell.h; sourceTree = "<group>"; };
		040F0F7422648D6F00F5371B /* XJEditImageCell.m */ = {isa = PBXFileReference; lastKnownFileType = sourcecode.c.objc; path = XJEditImageCell.m; sourceTree = "<group>"; };
		040F0F7622648DCF00F5371B /* XJEditQuestionCell.h */ = {isa = PBXFileReference; lastKnownFileType = sourcecode.c.h; path = XJEditQuestionCell.h; sourceTree = "<group>"; };
		040F0F7722648DCF00F5371B /* XJEditQuestionCell.m */ = {isa = PBXFileReference; lastKnownFileType = sourcecode.c.objc; path = XJEditQuestionCell.m; sourceTree = "<group>"; };
		040F0F7922648E1F00F5371B /* XJEditBaseCell.h */ = {isa = PBXFileReference; lastKnownFileType = sourcecode.c.h; path = XJEditBaseCell.h; sourceTree = "<group>"; };
		040F0F7A22648E1F00F5371B /* XJEditBaseCell.m */ = {isa = PBXFileReference; lastKnownFileType = sourcecode.c.objc; path = XJEditBaseCell.m; sourceTree = "<group>"; };
		040F0F7C22648E3900F5371B /* XJEditInfoUtil.h */ = {isa = PBXFileReference; lastKnownFileType = sourcecode.c.h; path = XJEditInfoUtil.h; sourceTree = "<group>"; };
		040F0F7D22648E3900F5371B /* XJEditInfoUtil.m */ = {isa = PBXFileReference; lastKnownFileType = sourcecode.c.objc; path = XJEditInfoUtil.m; sourceTree = "<group>"; };
		0430ABE1225C3DEF00236154 /* XJBaseVC.h */ = {isa = PBXFileReference; lastKnownFileType = sourcecode.c.h; path = XJBaseVC.h; sourceTree = "<group>"; };
		0430ABE2225C3DEF00236154 /* XJBaseVC.m */ = {isa = PBXFileReference; lastKnownFileType = sourcecode.c.objc; path = XJBaseVC.m; sourceTree = "<group>"; };
		0430ABE4225C3E1000236154 /* XJBaseTableVC.h */ = {isa = PBXFileReference; lastKnownFileType = sourcecode.c.h; path = XJBaseTableVC.h; sourceTree = "<group>"; };
		0430ABE5225C3E1000236154 /* XJBaseTableVC.m */ = {isa = PBXFileReference; lastKnownFileType = sourcecode.c.objc; path = XJBaseTableVC.m; sourceTree = "<group>"; };
		0430ABE7225C3E2100236154 /* XJBaseWebVC.h */ = {isa = PBXFileReference; lastKnownFileType = sourcecode.c.h; path = XJBaseWebVC.h; sourceTree = "<group>"; };
		0430ABE8225C3E2100236154 /* XJBaseWebVC.m */ = {isa = PBXFileReference; lastKnownFileType = sourcecode.c.objc; path = XJBaseWebVC.m; sourceTree = "<group>"; };
		0430ABEF225C3EAE00236154 /* XJMessageMainVC.h */ = {isa = PBXFileReference; lastKnownFileType = sourcecode.c.h; path = XJMessageMainVC.h; sourceTree = "<group>"; };
		0430ABF0225C3EAE00236154 /* XJMessageMainVC.m */ = {isa = PBXFileReference; lastKnownFileType = sourcecode.c.objc; path = XJMessageMainVC.m; sourceTree = "<group>"; };
		0430ABF2225C3EBD00236154 /* XJAddressBookMainVC.h */ = {isa = PBXFileReference; lastKnownFileType = sourcecode.c.h; path = XJAddressBookMainVC.h; sourceTree = "<group>"; };
		0430ABF3225C3EBD00236154 /* XJAddressBookMainVC.m */ = {isa = PBXFileReference; lastKnownFileType = sourcecode.c.objc; path = XJAddressBookMainVC.m; sourceTree = "<group>"; };
		0430ABF5225C3ECC00236154 /* XJDiscoveryMainVC.h */ = {isa = PBXFileReference; lastKnownFileType = sourcecode.c.h; path = XJDiscoveryMainVC.h; sourceTree = "<group>"; };
		0430ABF6225C3ECC00236154 /* XJDiscoveryMainVC.m */ = {isa = PBXFileReference; lastKnownFileType = sourcecode.c.objc; path = XJDiscoveryMainVC.m; sourceTree = "<group>"; };
		0430ABF8225C3ED700236154 /* XJMineMainVC.h */ = {isa = PBXFileReference; lastKnownFileType = sourcecode.c.h; path = XJMineMainVC.h; sourceTree = "<group>"; };
		0430ABF9225C3ED700236154 /* XJMineMainVC.m */ = {isa = PBXFileReference; lastKnownFileType = sourcecode.c.objc; path = XJMineMainVC.m; sourceTree = "<group>"; };
		0430ABFB225C3F1B00236154 /* XJTabBarVC.h */ = {isa = PBXFileReference; lastKnownFileType = sourcecode.c.h; path = XJTabBarVC.h; sourceTree = "<group>"; };
		0430ABFC225C3F1B00236154 /* XJTabBarVC.m */ = {isa = PBXFileReference; lastKnownFileType = sourcecode.c.objc; path = XJTabBarVC.m; sourceTree = "<group>"; };
		0430ABFE225C3F2D00236154 /* XJLoginVC.h */ = {isa = PBXFileReference; lastKnownFileType = sourcecode.c.h; path = XJLoginVC.h; sourceTree = "<group>"; };
		0430ABFF225C3F2D00236154 /* XJLoginVC.m */ = {isa = PBXFileReference; lastKnownFileType = sourcecode.c.objc; path = XJLoginVC.m; sourceTree = "<group>"; };
		04335C4522731CF9003A9779 /* XJMaxLengthVC.h */ = {isa = PBXFileReference; lastKnownFileType = sourcecode.c.h; path = XJMaxLengthVC.h; sourceTree = "<group>"; };
		04335C4622731CF9003A9779 /* XJMaxLengthVC.m */ = {isa = PBXFileReference; lastKnownFileType = sourcecode.c.objc; path = XJMaxLengthVC.m; sourceTree = "<group>"; };
		044C9919225D9C1D0030AE9A /* XJChatVC.h */ = {isa = PBXFileReference; lastKnownFileType = sourcecode.c.h; path = XJChatVC.h; sourceTree = "<group>"; };
		044C991A225D9C1D0030AE9A /* XJChatVC.m */ = {isa = PBXFileReference; lastKnownFileType = sourcecode.c.objc; path = XJChatVC.m; sourceTree = "<group>"; };
		044C993E225DA38B0030AE9A /* ZZJBlockBarButtonItem.h */ = {isa = PBXFileReference; fileEncoding = 4; lastKnownFileType = sourcecode.c.h; path = ZZJBlockBarButtonItem.h; sourceTree = "<group>"; };
		044C993F225DA38B0030AE9A /* ZZJBlockBarButtonItem.m */ = {isa = PBXFileReference; fileEncoding = 4; lastKnownFileType = sourcecode.c.objc; path = ZZJBlockBarButtonItem.m; sourceTree = "<group>"; };
		044C9941225DA4C50030AE9A /* UIColor+AppColor.h */ = {isa = PBXFileReference; lastKnownFileType = sourcecode.c.h; path = "UIColor+AppColor.h"; sourceTree = "<group>"; };
		044C9942225DA4C50030AE9A /* UIColor+AppColor.m */ = {isa = PBXFileReference; lastKnownFileType = sourcecode.c.objc; path = "UIColor+AppColor.m"; sourceTree = "<group>"; };
		044C9944225DBD8B0030AE9A /* XJMacro.h */ = {isa = PBXFileReference; lastKnownFileType = sourcecode.c.h; path = XJMacro.h; sourceTree = "<group>"; };
		044C9945225DC39C0030AE9A /* PrefixHeader_XJ.pch */ = {isa = PBXFileReference; lastKnownFileType = sourcecode.c.h; path = PrefixHeader_XJ.pch; sourceTree = "<group>"; };
		044C9946225DC5700030AE9A /* XJNavigationController.h */ = {isa = PBXFileReference; lastKnownFileType = sourcecode.c.h; path = XJNavigationController.h; sourceTree = "<group>"; };
		044C9947225DC5700030AE9A /* XJNavigationController.m */ = {isa = PBXFileReference; lastKnownFileType = sourcecode.c.objc; path = XJNavigationController.m; sourceTree = "<group>"; };
		044C9949225DC63D0030AE9A /* AppDelegate+Config.h */ = {isa = PBXFileReference; lastKnownFileType = sourcecode.c.h; path = "AppDelegate+Config.h"; sourceTree = "<group>"; };
		044C994A225DC63D0030AE9A /* AppDelegate+Config.m */ = {isa = PBXFileReference; lastKnownFileType = sourcecode.c.objc; path = "AppDelegate+Config.m"; sourceTree = "<group>"; };
		044C994D225DE9BD0030AE9A /* XJConversationCell.h */ = {isa = PBXFileReference; lastKnownFileType = sourcecode.c.h; path = XJConversationCell.h; sourceTree = "<group>"; };
		044C994E225DE9BD0030AE9A /* XJConversationCell.m */ = {isa = PBXFileReference; lastKnownFileType = sourcecode.c.objc; path = XJConversationCell.m; sourceTree = "<group>"; };
		044C9951225DEA5A0030AE9A /* XJConversationModel.h */ = {isa = PBXFileReference; lastKnownFileType = sourcecode.c.h; path = XJConversationModel.h; sourceTree = "<group>"; };
		044C9952225DEA5A0030AE9A /* XJConversationModel.m */ = {isa = PBXFileReference; lastKnownFileType = sourcecode.c.objc; path = XJConversationModel.m; sourceTree = "<group>"; };
		044C9955225DED850030AE9A /* UIView+Create.h */ = {isa = PBXFileReference; lastKnownFileType = sourcecode.c.h; path = "UIView+Create.h"; sourceTree = "<group>"; };
		044C9956225DED850030AE9A /* UIView+Create.m */ = {isa = PBXFileReference; lastKnownFileType = sourcecode.c.objc; path = "UIView+Create.m"; sourceTree = "<group>"; };
		044C9958225DF1150030AE9A /* UIView+Ex.h */ = {isa = PBXFileReference; fileEncoding = 4; lastKnownFileType = sourcecode.c.h; path = "UIView+Ex.h"; sourceTree = "<group>"; };
		044C9959225DF1150030AE9A /* UIView+Ex.m */ = {isa = PBXFileReference; fileEncoding = 4; lastKnownFileType = sourcecode.c.objc; path = "UIView+Ex.m"; sourceTree = "<group>"; };
		04799906225EEA8C00470217 /* XJMessageBaseCell.h */ = {isa = PBXFileReference; lastKnownFileType = sourcecode.c.h; path = XJMessageBaseCell.h; sourceTree = "<group>"; };
		04799907225EEA8C00470217 /* XJMessageBaseCell.m */ = {isa = PBXFileReference; lastKnownFileType = sourcecode.c.objc; path = XJMessageBaseCell.m; sourceTree = "<group>"; };
		0479990A225EEB0E00470217 /* XJChatDefine.h */ = {isa = PBXFileReference; lastKnownFileType = sourcecode.c.h; path = XJChatDefine.h; sourceTree = "<group>"; };
		0479990B225EEB2100470217 /* XJChatUtil.h */ = {isa = PBXFileReference; lastKnownFileType = sourcecode.c.h; path = XJChatUtil.h; sourceTree = "<group>"; };
		0479990C225EEB2100470217 /* XJChatUtil.m */ = {isa = PBXFileReference; lastKnownFileType = sourcecode.c.objc; path = XJChatUtil.m; sourceTree = "<group>"; };
		0479990F225EEE1500470217 /* XJMessageTextCell.h */ = {isa = PBXFileReference; lastKnownFileType = sourcecode.c.h; path = XJMessageTextCell.h; sourceTree = "<group>"; };
		04799910225EEE1500470217 /* XJMessageTextCell.m */ = {isa = PBXFileReference; lastKnownFileType = sourcecode.c.objc; path = XJMessageTextCell.m; sourceTree = "<group>"; };
		04799912225EEE2C00470217 /* XJMessageImageCell.h */ = {isa = PBXFileReference; lastKnownFileType = sourcecode.c.h; path = XJMessageImageCell.h; sourceTree = "<group>"; };
		04799913225EEE2C00470217 /* XJMessageImageCell.m */ = {isa = PBXFileReference; lastKnownFileType = sourcecode.c.objc; path = XJMessageImageCell.m; sourceTree = "<group>"; };
		04799915225EEE3700470217 /* XJMessageVoiceCell.h */ = {isa = PBXFileReference; lastKnownFileType = sourcecode.c.h; path = XJMessageVoiceCell.h; sourceTree = "<group>"; };
		04799916225EEE3700470217 /* XJMessageVoiceCell.m */ = {isa = PBXFileReference; lastKnownFileType = sourcecode.c.objc; path = XJMessageVoiceCell.m; sourceTree = "<group>"; };
		0479991B225EEF2800470217 /* XJMessageVideoCell.h */ = {isa = PBXFileReference; lastKnownFileType = sourcecode.c.h; path = XJMessageVideoCell.h; sourceTree = "<group>"; };
		0479991C225EEF2800470217 /* XJMessageVideoCell.m */ = {isa = PBXFileReference; lastKnownFileType = sourcecode.c.objc; path = XJMessageVideoCell.m; sourceTree = "<group>"; };
		0479991E225EEF5800470217 /* XJMessageModel.h */ = {isa = PBXFileReference; lastKnownFileType = sourcecode.c.h; path = XJMessageModel.h; sourceTree = "<group>"; };
		0479991F225EEF5800470217 /* XJMessageModel.m */ = {isa = PBXFileReference; lastKnownFileType = sourcecode.c.objc; path = XJMessageModel.m; sourceTree = "<group>"; };
		04799921225EEF6E00470217 /* XJMessageLocationCell.h */ = {isa = PBXFileReference; lastKnownFileType = sourcecode.c.h; path = XJMessageLocationCell.h; sourceTree = "<group>"; };
		04799922225EEF6E00470217 /* XJMessageLocationCell.m */ = {isa = PBXFileReference; lastKnownFileType = sourcecode.c.objc; path = XJMessageLocationCell.m; sourceTree = "<group>"; };
		04799924225EEF9F00470217 /* XJMessageTipsCell.h */ = {isa = PBXFileReference; lastKnownFileType = sourcecode.c.h; path = XJMessageTipsCell.h; sourceTree = "<group>"; };
		04799925225EEF9F00470217 /* XJMessageTipsCell.m */ = {isa = PBXFileReference; lastKnownFileType = sourcecode.c.objc; path = XJMessageTipsCell.m; sourceTree = "<group>"; };
		04799928225EFAE600470217 /* XJLocationModel.h */ = {isa = PBXFileReference; lastKnownFileType = sourcecode.c.h; path = XJLocationModel.h; sourceTree = "<group>"; };
		04799929225EFAE600470217 /* XJLocationModel.m */ = {isa = PBXFileReference; lastKnownFileType = sourcecode.c.objc; path = XJLocationModel.m; sourceTree = "<group>"; };
		0479992C225F403F00470217 /* SDPhotoBrowserConfig.h */ = {isa = PBXFileReference; fileEncoding = 4; lastKnownFileType = sourcecode.c.h; path = SDPhotoBrowserConfig.h; sourceTree = "<group>"; };
		0479992D225F403F00470217 /* SDPhotoBrowser.m */ = {isa = PBXFileReference; fileEncoding = 4; lastKnownFileType = sourcecode.c.objc; path = SDPhotoBrowser.m; sourceTree = "<group>"; };
		0479992E225F403F00470217 /* SDWaitingView.m */ = {isa = PBXFileReference; fileEncoding = 4; lastKnownFileType = sourcecode.c.objc; path = SDWaitingView.m; sourceTree = "<group>"; };
		0479992F225F403F00470217 /* SDBrowserImageView.m */ = {isa = PBXFileReference; fileEncoding = 4; lastKnownFileType = sourcecode.c.objc; path = SDBrowserImageView.m; sourceTree = "<group>"; };
		04799930225F403F00470217 /* SDWaitingView.h */ = {isa = PBXFileReference; fileEncoding = 4; lastKnownFileType = sourcecode.c.h; path = SDWaitingView.h; sourceTree = "<group>"; };
		04799931225F403F00470217 /* SDPhotoBrowser.h */ = {isa = PBXFileReference; fileEncoding = 4; lastKnownFileType = sourcecode.c.h; path = SDPhotoBrowser.h; sourceTree = "<group>"; };
		04799932225F403F00470217 /* SDBrowserImageView.h */ = {isa = PBXFileReference; fileEncoding = 4; lastKnownFileType = sourcecode.c.h; path = SDBrowserImageView.h; sourceTree = "<group>"; };
		04ADEBB72266C1790029E3BD /* XJEditSelectDataVC.h */ = {isa = PBXFileReference; lastKnownFileType = sourcecode.c.h; path = XJEditSelectDataVC.h; sourceTree = "<group>"; };
		04ADEBB82266C1790029E3BD /* XJEditSelectDataVC.m */ = {isa = PBXFileReference; lastKnownFileType = sourcecode.c.objc; path = XJEditSelectDataVC.m; sourceTree = "<group>"; };
		04ADEBBA2266C2800029E3BD /* XJEditSelectSchoolVC.h */ = {isa = PBXFileReference; lastKnownFileType = sourcecode.c.h; path = XJEditSelectSchoolVC.h; sourceTree = "<group>"; };
		04ADEBBB2266C2800029E3BD /* XJEditSelectSchoolVC.m */ = {isa = PBXFileReference; lastKnownFileType = sourcecode.c.objc; path = XJEditSelectSchoolVC.m; sourceTree = "<group>"; };
		04ADEBBD2266D9A10029E3BD /* XJHud.h */ = {isa = PBXFileReference; lastKnownFileType = sourcecode.c.h; path = XJHud.h; sourceTree = "<group>"; };
		04ADEBBE2266D9A10029E3BD /* XJHud.m */ = {isa = PBXFileReference; lastKnownFileType = sourcecode.c.objc; path = XJHud.m; sourceTree = "<group>"; };
		04ADEBC522670C1D0029E3BD /* XJLabel.h */ = {isa = PBXFileReference; lastKnownFileType = sourcecode.c.h; path = XJLabel.h; sourceTree = "<group>"; };
		04ADEBC622670C1D0029E3BD /* XJLabel.m */ = {isa = PBXFileReference; lastKnownFileType = sourcecode.c.objc; path = XJLabel.m; sourceTree = "<group>"; };
		04ADEBC82267215D0029E3BD /* XJPickerModel.h */ = {isa = PBXFileReference; lastKnownFileType = sourcecode.c.h; path = XJPickerModel.h; sourceTree = "<group>"; };
		04ADEBC92267215D0029E3BD /* XJPickerModel.m */ = {isa = PBXFileReference; lastKnownFileType = sourcecode.c.objc; path = XJPickerModel.m; sourceTree = "<group>"; };
		04E4D4F6225C351D0067D70C /* XJ_WeChat.app */ = {isa = PBXFileReference; explicitFileType = wrapper.application; includeInIndex = 0; path = XJ_WeChat.app; sourceTree = BUILT_PRODUCTS_DIR; };
		04E4D4F9225C351D0067D70C /* AppDelegate.h */ = {isa = PBXFileReference; lastKnownFileType = sourcecode.c.h; path = AppDelegate.h; sourceTree = "<group>"; };
		04E4D4FA225C351D0067D70C /* AppDelegate.m */ = {isa = PBXFileReference; lastKnownFileType = sourcecode.c.objc; path = AppDelegate.m; sourceTree = "<group>"; };
		04E4D502225C351E0067D70C /* Assets.xcassets */ = {isa = PBXFileReference; lastKnownFileType = folder.assetcatalog; path = Assets.xcassets; sourceTree = "<group>"; };
		04E4D507225C351E0067D70C /* Info.plist */ = {isa = PBXFileReference; lastKnownFileType = text.plist.xml; path = Info.plist; sourceTree = "<group>"; };
		04E4D508225C351E0067D70C /* main.m */ = {isa = PBXFileReference; lastKnownFileType = sourcecode.c.objc; path = main.m; sourceTree = "<group>"; };
		0F4D5CE3FCACC0B058DEB9EE /* Pods-XJ_WeChat.release.xcconfig */ = {isa = PBXFileReference; includeInIndex = 1; lastKnownFileType = text.xcconfig; name = "Pods-XJ_WeChat.release.xcconfig"; path = "Pods/Target Support Files/Pods-XJ_WeChat/Pods-XJ_WeChat.release.xcconfig"; sourceTree = "<group>"; };
		51D8559C78280093F1FD5FCF /* Pods-XJ_WeChat.debug.xcconfig */ = {isa = PBXFileReference; includeInIndex = 1; lastKnownFileType = text.xcconfig; name = "Pods-XJ_WeChat.debug.xcconfig"; path = "Pods/Target Support Files/Pods-XJ_WeChat/Pods-XJ_WeChat.debug.xcconfig"; sourceTree = "<group>"; };
		5568D3D8DE577F01BBF8D9C5 /* libPods-XJ_WeChat.a */ = {isa = PBXFileReference; explicitFileType = archive.ar; includeInIndex = 0; path = "libPods-XJ_WeChat.a"; sourceTree = BUILT_PRODUCTS_DIR; };
/* End PBXFileReference section */

/* Begin PBXFrameworksBuildPhase section */
		04E4D4F3225C351D0067D70C /* Frameworks */ = {
			isa = PBXFrameworksBuildPhase;
			buildActionMask = 2147483647;
			files = (
				0917F4919428359CAB7FA721 /* libPods-XJ_WeChat.a in Frameworks */,
			);
			runOnlyForDeploymentPostprocessing = 0;
		};
/* End PBXFrameworksBuildPhase section */

/* Begin PBXGroup section */
		04032855227FDCEA00AD8B66 /* 扑克 */ = {
			isa = PBXGroup;
			children = (
				0403284F227FC72100AD8B66 /* XJPokerVC.h */,
				04032850227FC72100AD8B66 /* XJPokerVC.m */,
				0403285C2280105000AD8B66 /* XJPokerPlayer.h */,
				0403285D2280105000AD8B66 /* XJPokerPlayer.m */,
				04032853227FC84200AD8B66 /* XJPoker.m */,
				04032852227FC84200AD8B66 /* XJPoker.h */,
				04032856227FDD0300AD8B66 /* XJPokerView.h */,
				04032857227FDD0300AD8B66 /* XJPokerView.m */,
			);
			path = "扑克";
			sourceTree = "<group>";
		};
		0406C3EF227EEF7F0058415F /* ViewController */ = {
			isa = PBXGroup;
			children = (
				0430ABE1225C3DEF00236154 /* XJBaseVC.h */,
				0430ABE2225C3DEF00236154 /* XJBaseVC.m */,
				0430ABE4225C3E1000236154 /* XJBaseTableVC.h */,
				0430ABE5225C3E1000236154 /* XJBaseTableVC.m */,
				0430ABE7225C3E2100236154 /* XJBaseWebVC.h */,
				0430ABE8225C3E2100236154 /* XJBaseWebVC.m */,
				044C9946225DC5700030AE9A /* XJNavigationController.h */,
				044C9947225DC5700030AE9A /* XJNavigationController.m */,
			);
			path = ViewController;
			sourceTree = "<group>";
		};
		0406C3F0227EEF8A0058415F /* Model */ = {
			isa = PBXGroup;
			children = (
				0406C3F1227EEF990058415F /* XJUser.h */,
				0406C3F2227EEF990058415F /* XJUser.m */,
			);
			path = Model;
			sourceTree = "<group>";
		};
		040EAE7222680458002C3D98 /* 选择器 */ = {
			isa = PBXGroup;
			children = (
				040EAE73226804B6002C3D98 /* XJAllPickerVC.h */,
				040EAE74226804B6002C3D98 /* XJAllPickerVC.m */,
				040EAE76226804DA002C3D98 /* XJPickerUtil.h */,
				040EAE77226804DA002C3D98 /* XJPickerUtil.m */,
				040EAE7922681611002C3D98 /* XJPickerCell.h */,
				040EAE7A22681611002C3D98 /* XJPickerCell.m */,
			);
			path = "选择器";
			sourceTree = "<group>";
		};
		040EAE7E22685A38002C3D98 /* Test */ = {
			isa = PBXGroup;
			children = (
				040EAE8222685A63002C3D98 /* MWTestTowLineVC.h */,
				040EAE7F22685A63002C3D98 /* MWTestTowLineVC.m */,
				040EAE8022685A63002C3D98 /* MWTestTowLineCell.h */,
				040EAE8122685A63002C3D98 /* MWTestTowLineCell.m */,
				04335C4522731CF9003A9779 /* XJMaxLengthVC.h */,
				04335C4622731CF9003A9779 /* XJMaxLengthVC.m */,
				04032855227FDCEA00AD8B66 /* 扑克 */,
			);
			path = Test;
			sourceTree = "<group>";
		};
		040EE1182265958100C66475 /* UIView */ = {
			isa = PBXGroup;
			children = (
				045CB32922816080007902CE /* Alert */,
				045CB32822816065007902CE /* ActionSheet */,
				045CB32722816060007902CE /* Picker */,
				045CB32622816058007902CE /* Label */,
			);
			path = UIView;
			sourceTree = "<group>";
		};
		040F0F2B226459C100F5371B /* Model */ = {
			isa = PBXGroup;
			children = (
				040F0F3122645A2800F5371B /* XJAddressBookModel.h */,
				040F0F3222645A2800F5371B /* XJAddressBookModel.m */,
			);
			path = Model;
			sourceTree = "<group>";
		};
		040F0F2C226459CC00F5371B /* View */ = {
			isa = PBXGroup;
			children = (
				040F0F2E22645A1500F5371B /* XJAddressBookCell.h */,
				040F0F2F22645A1500F5371B /* XJAddressBookCell.m */,
			);
			path = View;
			sourceTree = "<group>";
		};
		040F0F2D226459D600F5371B /* Util */ = {
			isa = PBXGroup;
			children = (
				040F0F3422645C6300F5371B /* XJAddressBookUtil.h */,
				040F0F3522645C6300F5371B /* XJAddressBookUtil.m */,
			);
			path = Util;
			sourceTree = "<group>";
		};
		040F0F3722646AAB00F5371B /* PinYin4Objc */ = {
			isa = PBXGroup;
			children = (
				040F0F3822646AAB00F5371B /* Classes */,
				040F0F4422646AAB00F5371B /* Resources */,
			);
			path = PinYin4Objc;
			sourceTree = "<group>";
		};
		040F0F3822646AAB00F5371B /* Classes */ = {
			isa = PBXGroup;
			children = (
				040F0F3C22646AAB00F5371B /* ChineseToPinyinResource.h */,
				040F0F4122646AAB00F5371B /* ChineseToPinyinResource.m */,
				040F0F3A22646AAB00F5371B /* HanyuPinyinOutputFormat.h */,
				040F0F4022646AAB00F5371B /* HanyuPinyinOutputFormat.m */,
				040F0F3F22646AAB00F5371B /* NSString+PinYin4Cocoa.h */,
				040F0F3B22646AAB00F5371B /* NSString+PinYin4Cocoa.m */,
				040F0F4322646AAB00F5371B /* PinYin4Objc.h */,
				040F0F3D22646AAB00F5371B /* PinyinFormatter.h */,
				040F0F4222646AAB00F5371B /* PinyinFormatter.m */,
				040F0F3922646AAB00F5371B /* PinyinHelper.h */,
				040F0F3E22646AAB00F5371B /* PinyinHelper.m */,
			);
			path = Classes;
			sourceTree = "<group>";
		};
		040F0F4422646AAB00F5371B /* Resources */ = {
			isa = PBXGroup;
			children = (
				040F0F4522646AAB00F5371B /* unicode_to_hanyu_pinyin.txt */,
			);
			path = Resources;
			sourceTree = "<group>";
		};
		040F0F4E2264718A00F5371B /* Util */ = {
			isa = PBXGroup;
			children = (
				040F0F50226471D400F5371B /* XJDiscoveryUtil.h */,
				040F0F51226471D400F5371B /* XJDiscoveryUtil.m */,
			);
			path = Util;
			sourceTree = "<group>";
		};
		040F0F4F226471A000F5371B /* 朋友圈 */ = {
			isa = PBXGroup;
			children = (
				040F0F53226479A400F5371B /* ViewController */,
				040F0F56226479A400F5371B /* View */,
				040F0F57226479A400F5371B /* Model */,
				040F0F54226479A400F5371B /* Util */,
				040F0F55226479A400F5371B /* ViewModel */,
			);
			path = "朋友圈";
			sourceTree = "<group>";
		};
		040F0F53226479A400F5371B /* ViewController */ = {
			isa = PBXGroup;
			children = (
				040F0F5822647A1A00F5371B /* XJCircleListVC.h */,
				040F0F5922647A1A00F5371B /* XJCircleListVC.m */,
			);
			path = ViewController;
			sourceTree = "<group>";
		};
		040F0F54226479A400F5371B /* Util */ = {
			isa = PBXGroup;
			children = (
				0406C3EC227EEDB90058415F /* XJCircleDBTool.h */,
				0406C3ED227EEDB90058415F /* XJCircleDBTool.m */,
			);
			path = Util;
			sourceTree = "<group>";
		};
		040F0F55226479A400F5371B /* ViewModel */ = {
			isa = PBXGroup;
			children = (
			);
			path = ViewModel;
			sourceTree = "<group>";
		};
		040F0F56226479A400F5371B /* View */ = {
			isa = PBXGroup;
			children = (
				040F0F5B22647A2B00F5371B /* XJCircleListCell.h */,
				040F0F5C22647A2B00F5371B /* XJCircleListCell.m */,
			);
			path = View;
			sourceTree = "<group>";
		};
		040F0F57226479A400F5371B /* Model */ = {
			isa = PBXGroup;
			children = (
				040F0F5E22647B0500F5371B /* XJCircleListModel.h */,
				040F0F5F22647B0500F5371B /* XJCircleListModel.m */,
			);
			path = Model;
			sourceTree = "<group>";
		};
		040F0F6122648C0300F5371B /* 编辑资料 */ = {
			isa = PBXGroup;
			children = (
				040F0F6222648C3200F5371B /* ViewController */,
				040F0F6322648C3200F5371B /* View */,
				040F0F6622648C3200F5371B /* Model */,
				040F0F6522648C3200F5371B /* Util */,
				040F0F6422648C3200F5371B /* ViewModel */,
			);
			path = "编辑资料";
			sourceTree = "<group>";
		};
		040F0F6222648C3200F5371B /* ViewController */ = {
			isa = PBXGroup;
			children = (
				040F0F6722648C4700F5371B /* XJEditInfoVC.h */,
				040F0F6822648C4700F5371B /* XJEditInfoVC.m */,
				040EE11F2265AE3200C66475 /* XJEditInfoHelpVC.h */,
				040EE1202265AE3200C66475 /* XJEditInfoHelpVC.m */,
				04ADEBBA2266C2800029E3BD /* XJEditSelectSchoolVC.h */,
				04ADEBBB2266C2800029E3BD /* XJEditSelectSchoolVC.m */,
				04ADEBB72266C1790029E3BD /* XJEditSelectDataVC.h */,
				04ADEBB82266C1790029E3BD /* XJEditSelectDataVC.m */,
			);
			path = ViewController;
			sourceTree = "<group>";
		};
		040F0F6322648C3200F5371B /* View */ = {
			isa = PBXGroup;
			children = (
				040F0F7922648E1F00F5371B /* XJEditBaseCell.h */,
				040F0F7A22648E1F00F5371B /* XJEditBaseCell.m */,
				040F0F6D22648D4D00F5371B /* XJEditHeadCell.h */,
				040F0F6E22648D4D00F5371B /* XJEditHeadCell.m */,
				040EE11222656FB800C66475 /* XJEditFieldCell.h */,
				040EE11322656FB800C66475 /* XJEditFieldCell.m */,
				040F0F7022648D6300F5371B /* XJEditLbCell.h */,
				040F0F7122648D6300F5371B /* XJEditLbCell.m */,
				040F0F7322648D6F00F5371B /* XJEditImageCell.h */,
				040F0F7422648D6F00F5371B /* XJEditImageCell.m */,
				040F0F7622648DCF00F5371B /* XJEditQuestionCell.h */,
				040F0F7722648DCF00F5371B /* XJEditQuestionCell.m */,
			);
			path = View;
			sourceTree = "<group>";
		};
		040F0F6422648C3200F5371B /* ViewModel */ = {
			isa = PBXGroup;
			children = (
			);
			path = ViewModel;
			sourceTree = "<group>";
		};
		040F0F6522648C3200F5371B /* Util */ = {
			isa = PBXGroup;
			children = (
				040F0F7C22648E3900F5371B /* XJEditInfoUtil.h */,
				040F0F7D22648E3900F5371B /* XJEditInfoUtil.m */,
			);
			path = Util;
			sourceTree = "<group>";
		};
		040F0F6622648C3200F5371B /* Model */ = {
			isa = PBXGroup;
			children = (
				040F0F6A22648C5800F5371B /* XJEditInfoModel.h */,
				040F0F6B22648C5800F5371B /* XJEditInfoModel.m */,
				040EE11522657FEE00C66475 /* XJHeadModel.h */,
				040EE11622657FEE00C66475 /* XJHeadModel.m */,
			);
			path = Model;
			sourceTree = "<group>";
		};
		0430ABD8225C39FC00236154 /* Supporting Files */ = {
			isa = PBXGroup;
			children = (
				04E4D502225C351E0067D70C /* Assets.xcassets */,
				04E4D507225C351E0067D70C /* Info.plist */,
				04E4D508225C351E0067D70C /* main.m */,
				044C9945225DC39C0030AE9A /* PrefixHeader_XJ.pch */,
				040EAE7C226822D0002C3D98 /* region.plist */,
			);
			name = "Supporting Files";
			sourceTree = "<group>";
		};
		044C9920225D9E8E0030AE9A /* Business */ = {
			isa = PBXGroup;
			children = (
				044C9924225D9E8E0030AE9A /* 聊天 */,
				044C992A225D9E8E0030AE9A /* 消息 */,
				044C9927225D9E8E0030AE9A /* 通讯录 */,
				044C9932225D9E8E0030AE9A /* 发现 */,
				044C9921225D9E8E0030AE9A /* 我的 */,
				040EAE7E22685A38002C3D98 /* Test */,
				044C992D225D9E8E0030AE9A /* Main */,
			);
			path = Business;
			sourceTree = "<group>";
		};
		044C9921225D9E8E0030AE9A /* 我的 */ = {
			isa = PBXGroup;
			children = (
				044C9922225D9E8E0030AE9A /* 我的 */,
				040F0F6122648C0300F5371B /* 编辑资料 */,
				040EAE7222680458002C3D98 /* 选择器 */,
			);
			path = "我的";
			sourceTree = "<group>";
		};
		044C9922225D9E8E0030AE9A /* 我的 */ = {
			isa = PBXGroup;
			children = (
				044C9923225D9E8E0030AE9A /* ViewController */,
			);
			path = "我的";
			sourceTree = "<group>";
		};
		044C9923225D9E8E0030AE9A /* ViewController */ = {
			isa = PBXGroup;
			children = (
				0430ABF8225C3ED700236154 /* XJMineMainVC.h */,
				0430ABF9225C3ED700236154 /* XJMineMainVC.m */,
			);
			path = ViewController;
			sourceTree = "<group>";
		};
		044C9924225D9E8E0030AE9A /* 聊天 */ = {
			isa = PBXGroup;
			children = (
				044C9925225D9E8E0030AE9A /* 聊天 */,
			);
			path = "聊天";
			sourceTree = "<group>";
		};
		044C9925225D9E8E0030AE9A /* 聊天 */ = {
			isa = PBXGroup;
			children = (
				044C9926225D9E8E0030AE9A /* ViewController */,
				04799903225EE95900470217 /* View */,
				04799902225EE94E00470217 /* Model */,
				04799904225EE96000470217 /* Util */,
			);
			path = "聊天";
			sourceTree = "<group>";
		};
		044C9926225D9E8E0030AE9A /* ViewController */ = {
			isa = PBXGroup;
			children = (
				044C9919225D9C1D0030AE9A /* XJChatVC.h */,
				044C991A225D9C1D0030AE9A /* XJChatVC.m */,
			);
			path = ViewController;
			sourceTree = "<group>";
		};
		044C9927225D9E8E0030AE9A /* 通讯录 */ = {
			isa = PBXGroup;
			children = (
				044C9928225D9E8E0030AE9A /* 通讯录 */,
			);
			path = "通讯录";
			sourceTree = "<group>";
		};
		044C9928225D9E8E0030AE9A /* 通讯录 */ = {
			isa = PBXGroup;
			children = (
				044C9929225D9E8E0030AE9A /* ViewController */,
				040F0F2C226459CC00F5371B /* View */,
				040F0F2B226459C100F5371B /* Model */,
				040F0F2D226459D600F5371B /* Util */,
			);
			path = "通讯录";
			sourceTree = "<group>";
		};
		044C9929225D9E8E0030AE9A /* ViewController */ = {
			isa = PBXGroup;
			children = (
				0430ABF2225C3EBD00236154 /* XJAddressBookMainVC.h */,
				0430ABF3225C3EBD00236154 /* XJAddressBookMainVC.m */,
			);
			path = ViewController;
			sourceTree = "<group>";
		};
		044C992A225D9E8E0030AE9A /* 消息 */ = {
			isa = PBXGroup;
			children = (
				044C992B225D9E8E0030AE9A /* 消息 */,
			);
			path = "消息";
			sourceTree = "<group>";
		};
		044C992B225D9E8E0030AE9A /* 消息 */ = {
			isa = PBXGroup;
			children = (
				044C992C225D9E8E0030AE9A /* ViewController */,
				044C994C225DE9160030AE9A /* View */,
				044C9950225DEA330030AE9A /* Model */,
			);
			path = "消息";
			sourceTree = "<group>";
		};
		044C992C225D9E8E0030AE9A /* ViewController */ = {
			isa = PBXGroup;
			children = (
				0430ABEF225C3EAE00236154 /* XJMessageMainVC.h */,
				0430ABF0225C3EAE00236154 /* XJMessageMainVC.m */,
			);
			path = ViewController;
			sourceTree = "<group>";
		};
		044C992D225D9E8E0030AE9A /* Main */ = {
			isa = PBXGroup;
			children = (
				044C992F225D9E8E0030AE9A /* AppDelegate */,
				044C9931225D9E8E0030AE9A /* Base */,
				044C9930225D9E8E0030AE9A /* Login */,
				044C992E225D9E8E0030AE9A /* TabBar */,
			);
			path = Main;
			sourceTree = "<group>";
		};
		044C992E225D9E8E0030AE9A /* TabBar */ = {
			isa = PBXGroup;
			children = (
				0430ABFB225C3F1B00236154 /* XJTabBarVC.h */,
				0430ABFC225C3F1B00236154 /* XJTabBarVC.m */,
			);
			path = TabBar;
			sourceTree = "<group>";
		};
		044C992F225D9E8E0030AE9A /* AppDelegate */ = {
			isa = PBXGroup;
			children = (
				04E4D4F9225C351D0067D70C /* AppDelegate.h */,
				04E4D4FA225C351D0067D70C /* AppDelegate.m */,
				044C9949225DC63D0030AE9A /* AppDelegate+Config.h */,
				044C994A225DC63D0030AE9A /* AppDelegate+Config.m */,
			);
			path = AppDelegate;
			sourceTree = "<group>";
		};
		044C9930225D9E8E0030AE9A /* Login */ = {
			isa = PBXGroup;
			children = (
				0430ABFE225C3F2D00236154 /* XJLoginVC.h */,
				0430ABFF225C3F2D00236154 /* XJLoginVC.m */,
			);
			path = Login;
			sourceTree = "<group>";
		};
		044C9931225D9E8E0030AE9A /* Base */ = {
			isa = PBXGroup;
			children = (
				0406C3EF227EEF7F0058415F /* ViewController */,
				0406C3F0227EEF8A0058415F /* Model */,
			);
			path = Base;
			sourceTree = "<group>";
		};
		044C9932225D9E8E0030AE9A /* 发现 */ = {
			isa = PBXGroup;
			children = (
				044C9933225D9E8E0030AE9A /* 发现 */,
				040F0F4F226471A000F5371B /* 朋友圈 */,
			);
			path = "发现";
			sourceTree = "<group>";
		};
		044C9933225D9E8E0030AE9A /* 发现 */ = {
			isa = PBXGroup;
			children = (
				044C9934225D9E8E0030AE9A /* ViewController */,
				040F0F4E2264718A00F5371B /* Util */,
			);
			path = "发现";
			sourceTree = "<group>";
		};
		044C9934225D9E8E0030AE9A /* ViewController */ = {
			isa = PBXGroup;
			children = (
				0430ABF5225C3ECC00236154 /* XJDiscoveryMainVC.h */,
				0430ABF6225C3ECC00236154 /* XJDiscoveryMainVC.m */,
			);
			path = ViewController;
			sourceTree = "<group>";
		};
		044C9935225D9F7F0030AE9A /* ThirdParts */ = {
			isa = PBXGroup;
			children = (
				0479992B225F403F00470217 /* SDPhotoBrowser */,
				044C993D225DA38B0030AE9A /* ZZJBlockBarButtonItem */,
			);
			path = ThirdParts;
			sourceTree = "<group>";
		};
		044C9936225D9F7F0030AE9A /* AppTools */ = {
			isa = PBXGroup;
			children = (
				044C9937225D9FC60030AE9A /* 宏定义 */,
				044C9938225D9FCE0030AE9A /* 类别 */,
				044C9939225D9FD80030AE9A /* 工具类 */,
				04ADEBC02266DFD10029E3BD /* AppSdk */,
			);
			path = AppTools;
			sourceTree = "<group>";
		};
		044C9937225D9FC60030AE9A /* 宏定义 */ = {
			isa = PBXGroup;
			children = (
				044C9944225DBD8B0030AE9A /* XJMacro.h */,
			);
			path = "宏定义";
			sourceTree = "<group>";
		};
		044C9938225D9FCE0030AE9A /* 类别 */ = {
			isa = PBXGroup;
			children = (
				044C9941225DA4C50030AE9A /* UIColor+AppColor.h */,
				044C9942225DA4C50030AE9A /* UIColor+AppColor.m */,
				044C9955225DED850030AE9A /* UIView+Create.h */,
				044C9956225DED850030AE9A /* UIView+Create.m */,
				044C9958225DF1150030AE9A /* UIView+Ex.h */,
				044C9959225DF1150030AE9A /* UIView+Ex.m */,
				040EE1312265D10700C66475 /* UIImage+color.h */,
				040EE1322265D10700C66475 /* UIImage+color.m */,
			);
			path = "类别";
			sourceTree = "<group>";
		};
		044C9939225D9FD80030AE9A /* 工具类 */ = {
			isa = PBXGroup;
			children = (
				04ADEBC12266E01A0029E3BD /* NSObject */,
				040EE1182265958100C66475 /* UIView */,
				044C9954225DEB1F0030AE9A /* DB */,
			);
			path = "工具类";
			sourceTree = "<group>";
		};
		044C993D225DA38B0030AE9A /* ZZJBlockBarButtonItem */ = {
			isa = PBXGroup;
			children = (
				044C993E225DA38B0030AE9A /* ZZJBlockBarButtonItem.h */,
				044C993F225DA38B0030AE9A /* ZZJBlockBarButtonItem.m */,
			);
			path = ZZJBlockBarButtonItem;
			sourceTree = "<group>";
		};
		044C994C225DE9160030AE9A /* View */ = {
			isa = PBXGroup;
			children = (
				044C994D225DE9BD0030AE9A /* XJConversationCell.h */,
				044C994E225DE9BD0030AE9A /* XJConversationCell.m */,
			);
			path = View;
			sourceTree = "<group>";
		};
		044C9950225DEA330030AE9A /* Model */ = {
			isa = PBXGroup;
			children = (
				044C9951225DEA5A0030AE9A /* XJConversationModel.h */,
				044C9952225DEA5A0030AE9A /* XJConversationModel.m */,
			);
			path = Model;
			sourceTree = "<group>";
		};
		044C9954225DEB1F0030AE9A /* DB */ = {
			isa = PBXGroup;
			children = (
				0406C3E6227EEAB90058415F /* XJFMDBTool.h */,
				0406C3E7227EEAB90058415F /* XJFMDBTool.m */,
			);
			path = DB;
			sourceTree = "<group>";
		};
		045CB32622816058007902CE /* Label */ = {
			isa = PBXGroup;
			children = (
				04ADEBC522670C1D0029E3BD /* XJLabel.h */,
				04ADEBC622670C1D0029E3BD /* XJLabel.m */,
			);
			path = Label;
			sourceTree = "<group>";
		};
		045CB32722816060007902CE /* Picker */ = {
			isa = PBXGroup;
			children = (
				040EE12E2265C80700C66475 /* XJPickerView.h */,
				040EE12F2265C80700C66475 /* XJPickerView.m */,
				04ADEBC82267215D0029E3BD /* XJPickerModel.h */,
				04ADEBC92267215D0029E3BD /* XJPickerModel.m */,
			);
			path = Picker;
			sourceTree = "<group>";
		};
		045CB32822816065007902CE /* ActionSheet */ = {
			isa = PBXGroup;
			children = (
				040EE12B2265C7E900C66475 /* XJActionSheet.h */,
				040EE12C2265C7E900C66475 /* XJActionSheet.m */,
			);
			path = ActionSheet;
			sourceTree = "<group>";
		};
		045CB32922816080007902CE /* Alert */ = {
			isa = PBXGroup;
			children = (
				040EE1282265C7CB00C66475 /* XJAlertView.h */,
				040EE1292265C7CB00C66475 /* XJAlertView.m */,
			);
			path = Alert;
			sourceTree = "<group>";
		};
		04799902225EE94E00470217 /* Model */ = {
			isa = PBXGroup;
			children = (
				0479991E225EEF5800470217 /* XJMessageModel.h */,
				0479991F225EEF5800470217 /* XJMessageModel.m */,
				04799928225EFAE600470217 /* XJLocationModel.h */,
				04799929225EFAE600470217 /* XJLocationModel.m */,
			);
			path = Model;
			sourceTree = "<group>";
		};
		04799903225EE95900470217 /* View */ = {
			isa = PBXGroup;
			children = (
				04799905225EEA6200470217 /* MessageCell */,
				04799927225EF10C00470217 /* Toolbar */,
			);
			path = View;
			sourceTree = "<group>";
		};
		04799904225EE96000470217 /* Util */ = {
			isa = PBXGroup;
			children = (
				0479990A225EEB0E00470217 /* XJChatDefine.h */,
				0479990B225EEB2100470217 /* XJChatUtil.h */,
				0479990C225EEB2100470217 /* XJChatUtil.m */,
			);
			path = Util;
			sourceTree = "<group>";
		};
		04799905225EEA6200470217 /* MessageCell */ = {
			isa = PBXGroup;
			children = (
				04799906225EEA8C00470217 /* XJMessageBaseCell.h */,
				04799907225EEA8C00470217 /* XJMessageBaseCell.m */,
				0479990E225EEB3F00470217 /* CellBubble */,
			);
			path = MessageCell;
			sourceTree = "<group>";
		};
		0479990E225EEB3F00470217 /* CellBubble */ = {
			isa = PBXGroup;
			children = (
				0479990F225EEE1500470217 /* XJMessageTextCell.h */,
				04799910225EEE1500470217 /* XJMessageTextCell.m */,
				04799912225EEE2C00470217 /* XJMessageImageCell.h */,
				04799913225EEE2C00470217 /* XJMessageImageCell.m */,
				04799915225EEE3700470217 /* XJMessageVoiceCell.h */,
				04799916225EEE3700470217 /* XJMessageVoiceCell.m */,
				0479991B225EEF2800470217 /* XJMessageVideoCell.h */,
				0479991C225EEF2800470217 /* XJMessageVideoCell.m */,
				04799921225EEF6E00470217 /* XJMessageLocationCell.h */,
				04799922225EEF6E00470217 /* XJMessageLocationCell.m */,
				04799924225EEF9F00470217 /* XJMessageTipsCell.h */,
				04799925225EEF9F00470217 /* XJMessageTipsCell.m */,
			);
			path = CellBubble;
			sourceTree = "<group>";
		};
		04799927225EF10C00470217 /* Toolbar */ = {
			isa = PBXGroup;
			children = (
			);
			path = Toolbar;
			sourceTree = "<group>";
		};
		0479992B225F403F00470217 /* SDPhotoBrowser */ = {
			isa = PBXGroup;
			children = (
				04799932225F403F00470217 /* SDBrowserImageView.h */,
				0479992F225F403F00470217 /* SDBrowserImageView.m */,
				04799931225F403F00470217 /* SDPhotoBrowser.h */,
				0479992D225F403F00470217 /* SDPhotoBrowser.m */,
				0479992C225F403F00470217 /* SDPhotoBrowserConfig.h */,
				04799930225F403F00470217 /* SDWaitingView.h */,
				0479992E225F403F00470217 /* SDWaitingView.m */,
			);
			path = SDPhotoBrowser;
			sourceTree = "<group>";
		};
		04ADEBC02266DFD10029E3BD /* AppSdk */ = {
			isa = PBXGroup;
			children = (
				040F0F3722646AAB00F5371B /* PinYin4Objc */,
			);
			path = AppSdk;
			sourceTree = "<group>";
		};
		04ADEBC12266E01A0029E3BD /* NSObject */ = {
			isa = PBXGroup;
			children = (
				040EE1192265958F00C66475 /* XJAppUtil.h */,
				040EE11A2265958F00C66475 /* XJAppUtil.m */,
				040EE1222265C79D00C66475 /* XJViewPhoto.h */,
				040EE1232265C79D00C66475 /* XJViewPhoto.m */,
				040EE1252265C7B500C66475 /* XJSelectPhoto.h */,
				040EE1262265C7B500C66475 /* XJSelectPhoto.m */,
				04ADEBBD2266D9A10029E3BD /* XJHud.h */,
				04ADEBBE2266D9A10029E3BD /* XJHud.m */,
				0406C3E9227EEB930058415F /* XJUserDefaults.h */,
				0406C3EA227EEB930058415F /* XJUserDefaults.m */,
			);
			path = NSObject;
			sourceTree = "<group>";
		};
		04E4D4ED225C351D0067D70C = {
			isa = PBXGroup;
			children = (
				04E4D4F8225C351D0067D70C /* XJ_WeChat */,
				04E4D4F7225C351D0067D70C /* Products */,
				804B1E2DE5FCAC1679084336 /* Pods */,
				189540D60D350DA7D8A70CE8 /* Frameworks */,
			);
			sourceTree = "<group>";
		};
		04E4D4F7225C351D0067D70C /* Products */ = {
			isa = PBXGroup;
			children = (
				04E4D4F6225C351D0067D70C /* XJ_WeChat.app */,
			);
			name = Products;
			sourceTree = "<group>";
		};
		04E4D4F8225C351D0067D70C /* XJ_WeChat */ = {
			isa = PBXGroup;
			children = (
				044C9920225D9E8E0030AE9A /* Business */,
				044C9936225D9F7F0030AE9A /* AppTools */,
				044C9935225D9F7F0030AE9A /* ThirdParts */,
				0430ABD8225C39FC00236154 /* Supporting Files */,
			);
			path = XJ_WeChat;
			sourceTree = "<group>";
		};
		189540D60D350DA7D8A70CE8 /* Frameworks */ = {
			isa = PBXGroup;
			children = (
				5568D3D8DE577F01BBF8D9C5 /* libPods-XJ_WeChat.a */,
			);
			name = Frameworks;
			sourceTree = "<group>";
		};
		804B1E2DE5FCAC1679084336 /* Pods */ = {
			isa = PBXGroup;
			children = (
				51D8559C78280093F1FD5FCF /* Pods-XJ_WeChat.debug.xcconfig */,
				0F4D5CE3FCACC0B058DEB9EE /* Pods-XJ_WeChat.release.xcconfig */,
			);
			name = Pods;
			sourceTree = "<group>";
		};
/* End PBXGroup section */

/* Begin PBXNativeTarget section */
		04E4D4F5225C351D0067D70C /* XJ_WeChat */ = {
			isa = PBXNativeTarget;
			buildConfigurationList = 04E4D50C225C351E0067D70C /* Build configuration list for PBXNativeTarget "XJ_WeChat" */;
			buildPhases = (
				EAE0393550528246A032249B /* [CP] Check Pods Manifest.lock */,
				04E4D4F2225C351D0067D70C /* Sources */,
				04E4D4F3225C351D0067D70C /* Frameworks */,
				04E4D4F4225C351D0067D70C /* Resources */,
				E982AEE06B4468CFCFC760DD /* [CP] Copy Pods Resources */,
			);
			buildRules = (
			);
			dependencies = (
			);
			name = XJ_WeChat;
			productName = XJ_WeChat;
			productReference = 04E4D4F6225C351D0067D70C /* XJ_WeChat.app */;
			productType = "com.apple.product-type.application";
		};
/* End PBXNativeTarget section */

/* Begin PBXProject section */
		04E4D4EE225C351D0067D70C /* Project object */ = {
			isa = PBXProject;
			attributes = {
				LastUpgradeCheck = 1010;
				ORGANIZATIONNAME = mac;
				TargetAttributes = {
					04E4D4F5225C351D0067D70C = {
						CreatedOnToolsVersion = 10.1;
					};
				};
			};
			buildConfigurationList = 04E4D4F1225C351D0067D70C /* Build configuration list for PBXProject "XJ_WeChat" */;
			compatibilityVersion = "Xcode 9.3";
			developmentRegion = en;
			hasScannedForEncodings = 0;
			knownRegions = (
				en,
				Base,
			);
			mainGroup = 04E4D4ED225C351D0067D70C;
			productRefGroup = 04E4D4F7225C351D0067D70C /* Products */;
			projectDirPath = "";
			projectRoot = "";
			targets = (
				04E4D4F5225C351D0067D70C /* XJ_WeChat */,
			);
		};
/* End PBXProject section */

/* Begin PBXResourcesBuildPhase section */
		04E4D4F4225C351D0067D70C /* Resources */ = {
			isa = PBXResourcesBuildPhase;
			buildActionMask = 2147483647;
			files = (
				040EAE7D226822D0002C3D98 /* region.plist in Resources */,
				040F0F4B22646AAB00F5371B /* unicode_to_hanyu_pinyin.txt in Resources */,
				04E4D503225C351E0067D70C /* Assets.xcassets in Resources */,
			);
			runOnlyForDeploymentPostprocessing = 0;
		};
/* End PBXResourcesBuildPhase section */

/* Begin PBXShellScriptBuildPhase section */
		E982AEE06B4468CFCFC760DD /* [CP] Copy Pods Resources */ = {
			isa = PBXShellScriptBuildPhase;
			buildActionMask = 2147483647;
			files = (
			);
			inputFileListPaths = (
			);
			inputPaths = (
				"${SRCROOT}/Pods/Target Support Files/Pods-XJ_WeChat/Pods-XJ_WeChat-resources.sh",
				"${PODS_ROOT}/BaiduMapKit/BaiduMapKit/BaiduMapAPI_Map.framework/mapapi.bundle",
				"${PODS_ROOT}/MJRefresh/MJRefresh/MJRefresh.bundle",
				"${PODS_ROOT}/SVProgressHUD/SVProgressHUD/SVProgressHUD.bundle",
			);
			name = "[CP] Copy Pods Resources";
			outputFileListPaths = (
			);
			outputPaths = (
				"${TARGET_BUILD_DIR}/${UNLOCALIZED_RESOURCES_FOLDER_PATH}/mapapi.bundle",
				"${TARGET_BUILD_DIR}/${UNLOCALIZED_RESOURCES_FOLDER_PATH}/MJRefresh.bundle",
				"${TARGET_BUILD_DIR}/${UNLOCALIZED_RESOURCES_FOLDER_PATH}/SVProgressHUD.bundle",
			);
			runOnlyForDeploymentPostprocessing = 0;
			shellPath = /bin/sh;
			shellScript = "\"${SRCROOT}/Pods/Target Support Files/Pods-XJ_WeChat/Pods-XJ_WeChat-resources.sh\"\n";
			showEnvVarsInLog = 0;
		};
		EAE0393550528246A032249B /* [CP] Check Pods Manifest.lock */ = {
			isa = PBXShellScriptBuildPhase;
			buildActionMask = 2147483647;
			files = (
			);
			inputFileListPaths = (
			);
			inputPaths = (
				"${PODS_PODFILE_DIR_PATH}/Podfile.lock",
				"${PODS_ROOT}/Manifest.lock",
			);
			name = "[CP] Check Pods Manifest.lock";
			outputFileListPaths = (
			);
			outputPaths = (
				"$(DERIVED_FILE_DIR)/Pods-XJ_WeChat-checkManifestLockResult.txt",
			);
			runOnlyForDeploymentPostprocessing = 0;
			shellPath = /bin/sh;
			shellScript = "diff \"${PODS_PODFILE_DIR_PATH}/Podfile.lock\" \"${PODS_ROOT}/Manifest.lock\" > /dev/null\nif [ $? != 0 ] ; then\n    # print error to STDERR\n    echo \"error: The sandbox is not in sync with the Podfile.lock. Run 'pod install' or update your CocoaPods installation.\" >&2\n    exit 1\nfi\n# This output is used by Xcode 'outputs' to avoid re-running this script phase.\necho \"SUCCESS\" > \"${SCRIPT_OUTPUT_FILE_0}\"\n";
			showEnvVarsInLog = 0;
		};
/* End PBXShellScriptBuildPhase section */

/* Begin PBXSourcesBuildPhase section */
		04E4D4F2225C351D0067D70C /* Sources */ = {
			isa = PBXSourcesBuildPhase;
			buildActionMask = 2147483647;
			files = (
				0430ABE9225C3E2100236154 /* XJBaseWebVC.m in Sources */,
				04799914225EEE2C00470217 /* XJMessageImageCell.m in Sources */,
				0430ABE6225C3E1000236154 /* XJBaseTableVC.m in Sources */,
				04335C4722731CF9003A9779 /* XJMaxLengthVC.m in Sources */,
				0430ABE3225C3DEF00236154 /* XJBaseVC.m in Sources */,
				044C9957225DED850030AE9A /* UIView+Create.m in Sources */,
				040EE11722657FEE00C66475 /* XJHeadModel.m in Sources */,
				040F0F6F22648D4D00F5371B /* XJEditHeadCell.m in Sources */,
				040F0F4922646AAB00F5371B /* ChineseToPinyinResource.m in Sources */,
				04799933225F403F00470217 /* SDPhotoBrowser.m in Sources */,
				04799935225F403F00470217 /* SDBrowserImageView.m in Sources */,
				040EAE8422685A63002C3D98 /* MWTestTowLineCell.m in Sources */,
				04ADEBB92266C1790029E3BD /* XJEditSelectDataVC.m in Sources */,
				040EE12D2265C7E900C66475 /* XJActionSheet.m in Sources */,
				0430ABF4225C3EBD00236154 /* XJAddressBookMainVC.m in Sources */,
				040F0F5D22647A2B00F5371B /* XJCircleListCell.m in Sources */,
				044C9948225DC5700030AE9A /* XJNavigationController.m in Sources */,
				040F0F4A22646AAB00F5371B /* PinyinFormatter.m in Sources */,
				04E4D509225C351E0067D70C /* main.m in Sources */,
				040EE11B2265958F00C66475 /* XJAppUtil.m in Sources */,
				044C9943225DA4C50030AE9A /* UIColor+AppColor.m in Sources */,
				040F0F3622645C6300F5371B /* XJAddressBookUtil.m in Sources */,
				0479991D225EEF2800470217 /* XJMessageVideoCell.m in Sources */,
				040EE1332265D10700C66475 /* UIImage+color.m in Sources */,
				040EE1242265C79D00C66475 /* XJViewPhoto.m in Sources */,
				04799923225EEF6E00470217 /* XJMessageLocationCell.m in Sources */,
				04799926225EEF9F00470217 /* XJMessageTipsCell.m in Sources */,
				040F0F5A22647A1A00F5371B /* XJCircleListVC.m in Sources */,
				04E4D4FB225C351D0067D70C /* AppDelegate.m in Sources */,
				04ADEBCA2267215D0029E3BD /* XJPickerModel.m in Sources */,
				04799920225EEF5800470217 /* XJMessageModel.m in Sources */,
				040F0F7B22648E1F00F5371B /* XJEditBaseCell.m in Sources */,
				040EE11422656FB800C66475 /* XJEditFieldCell.m in Sources */,
				040EE1212265AE3200C66475 /* XJEditInfoHelpVC.m in Sources */,
				04032851227FC72100AD8B66 /* XJPokerVC.m in Sources */,
				04799934225F403F00470217 /* SDWaitingView.m in Sources */,
				0430ABFD225C3F1B00236154 /* XJTabBarVC.m in Sources */,
				0430AC00225C3F2D00236154 /* XJLoginVC.m in Sources */,
				040EAE78226804DA002C3D98 /* XJPickerUtil.m in Sources */,
				040F0F7522648D6F00F5371B /* XJEditImageCell.m in Sources */,
				044C9953225DEA5A0030AE9A /* XJConversationModel.m in Sources */,
				0406C3EB227EEB930058415F /* XJUserDefaults.m in Sources */,
				044C991B225D9C1D0030AE9A /* XJChatVC.m in Sources */,
				0406C3EE227EEDB90058415F /* XJCircleDBTool.m in Sources */,
				0403285E2280105000AD8B66 /* XJPokerPlayer.m in Sources */,
				040F0F7222648D6300F5371B /* XJEditLbCell.m in Sources */,
				04032858227FDD0300AD8B66 /* XJPokerView.m in Sources */,
				04ADEBBC2266C2800029E3BD /* XJEditSelectSchoolVC.m in Sources */,
				040F0F3022645A1500F5371B /* XJAddressBookCell.m in Sources */,
				0479992A225EFAE600470217 /* XJLocationModel.m in Sources */,
				0430ABF7225C3ECC00236154 /* XJDiscoveryMainVC.m in Sources */,
				044C994B225DC63D0030AE9A /* AppDelegate+Config.m in Sources */,
				040F0F6022647B0500F5371B /* XJCircleListModel.m in Sources */,
				040F0F52226471D400F5371B /* XJDiscoveryUtil.m in Sources */,
				04799917225EEE3700470217 /* XJMessageVoiceCell.m in Sources */,
				0406C3F3227EEF990058415F /* XJUser.m in Sources */,
				044C995A225DF1150030AE9A /* UIView+Ex.m in Sources */,
				04032854227FC84200AD8B66 /* XJPoker.m in Sources */,
				040F0F6C22648C5800F5371B /* XJEditInfoModel.m in Sources */,
				040F0F4722646AAB00F5371B /* PinyinHelper.m in Sources */,
				040EAE8322685A63002C3D98 /* MWTestTowLineVC.m in Sources */,
				044C994F225DE9BD0030AE9A /* XJConversationCell.m in Sources */,
				040F0F7E22648E3900F5371B /* XJEditInfoUtil.m in Sources */,
				04ADEBBF2266D9A10029E3BD /* XJHud.m in Sources */,
				040F0F4822646AAB00F5371B /* HanyuPinyinOutputFormat.m in Sources */,
				04799908225EEA8C00470217 /* XJMessageBaseCell.m in Sources */,
				040EE1302265C80700C66475 /* XJPickerView.m in Sources */,
				040EE12A2265C7CB00C66475 /* XJAlertView.m in Sources */,
				040EAE75226804B6002C3D98 /* XJAllPickerVC.m in Sources */,
				040F0F6922648C4700F5371B /* XJEditInfoVC.m in Sources */,
				0406C3E8227EEAB90058415F /* XJFMDBTool.m in Sources */,
				040EE1272265C7B500C66475 /* XJSelectPhoto.m in Sources */,
				04799911225EEE1500470217 /* XJMessageTextCell.m in Sources */,
				040F0F3322645A2800F5371B /* XJAddressBookModel.m in Sources */,
				0430ABFA225C3ED700236154 /* XJMineMainVC.m in Sources */,
				04ADEBC722670C1D0029E3BD /* XJLabel.m in Sources */,
				0430ABF1225C3EAE00236154 /* XJMessageMainVC.m in Sources */,
				040EAE7B22681611002C3D98 /* XJPickerCell.m in Sources */,
				044C9940225DA38B0030AE9A /* ZZJBlockBarButtonItem.m in Sources */,
				040F0F7822648DCF00F5371B /* XJEditQuestionCell.m in Sources */,
				040F0F4622646AAB00F5371B /* NSString+PinYin4Cocoa.m in Sources */,
				0479990D225EEB2100470217 /* XJChatUtil.m in Sources */,
			);
			runOnlyForDeploymentPostprocessing = 0;
		};
/* End PBXSourcesBuildPhase section */

/* Begin XCBuildConfiguration section */
		04E4D50A225C351E0067D70C /* Debug */ = {
			isa = XCBuildConfiguration;
			buildSettings = {
				ALWAYS_SEARCH_USER_PATHS = NO;
				CLANG_ANALYZER_NONNULL = YES;
				CLANG_ANALYZER_NUMBER_OBJECT_CONVERSION = YES_AGGRESSIVE;
				CLANG_CXX_LANGUAGE_STANDARD = "gnu++14";
				CLANG_CXX_LIBRARY = "libc++";
				CLANG_ENABLE_MODULES = YES;
				CLANG_ENABLE_OBJC_ARC = YES;
				CLANG_ENABLE_OBJC_WEAK = YES;
				CLANG_WARN_BLOCK_CAPTURE_AUTORELEASING = YES;
				CLANG_WARN_BOOL_CONVERSION = YES;
				CLANG_WARN_COMMA = YES;
				CLANG_WARN_CONSTANT_CONVERSION = YES;
				CLANG_WARN_DEPRECATED_OBJC_IMPLEMENTATIONS = YES;
				CLANG_WARN_DIRECT_OBJC_ISA_USAGE = YES_ERROR;
				CLANG_WARN_DOCUMENTATION_COMMENTS = YES;
				CLANG_WARN_EMPTY_BODY = YES;
				CLANG_WARN_ENUM_CONVERSION = YES;
				CLANG_WARN_INFINITE_RECURSION = YES;
				CLANG_WARN_INT_CONVERSION = YES;
				CLANG_WARN_NON_LITERAL_NULL_CONVERSION = YES;
				CLANG_WARN_OBJC_IMPLICIT_RETAIN_SELF = YES;
				CLANG_WARN_OBJC_LITERAL_CONVERSION = YES;
				CLANG_WARN_OBJC_ROOT_CLASS = YES_ERROR;
				CLANG_WARN_RANGE_LOOP_ANALYSIS = YES;
				CLANG_WARN_STRICT_PROTOTYPES = YES;
				CLANG_WARN_SUSPICIOUS_MOVE = YES;
				CLANG_WARN_UNGUARDED_AVAILABILITY = YES_AGGRESSIVE;
				CLANG_WARN_UNREACHABLE_CODE = YES;
				CLANG_WARN__DUPLICATE_METHOD_MATCH = YES;
				CODE_SIGN_IDENTITY = "iPhone Developer";
				COPY_PHASE_STRIP = NO;
				DEBUG_INFORMATION_FORMAT = dwarf;
				ENABLE_STRICT_OBJC_MSGSEND = YES;
				ENABLE_TESTABILITY = YES;
				GCC_C_LANGUAGE_STANDARD = gnu11;
				GCC_DYNAMIC_NO_PIC = NO;
				GCC_NO_COMMON_BLOCKS = YES;
				GCC_OPTIMIZATION_LEVEL = 0;
				GCC_PREPROCESSOR_DEFINITIONS = (
					"DEBUG=1",
					"$(inherited)",
				);
				GCC_WARN_64_TO_32_BIT_CONVERSION = YES;
				GCC_WARN_ABOUT_RETURN_TYPE = YES_ERROR;
				GCC_WARN_UNDECLARED_SELECTOR = YES;
				GCC_WARN_UNINITIALIZED_AUTOS = YES_AGGRESSIVE;
				GCC_WARN_UNUSED_FUNCTION = YES;
				GCC_WARN_UNUSED_VARIABLE = YES;
				IPHONEOS_DEPLOYMENT_TARGET = 12.1;
				MTL_ENABLE_DEBUG_INFO = INCLUDE_SOURCE;
				MTL_FAST_MATH = YES;
				ONLY_ACTIVE_ARCH = YES;
				SDKROOT = iphoneos;
			};
			name = Debug;
		};
		04E4D50B225C351E0067D70C /* Release */ = {
			isa = XCBuildConfiguration;
			buildSettings = {
				ALWAYS_SEARCH_USER_PATHS = NO;
				CLANG_ANALYZER_NONNULL = YES;
				CLANG_ANALYZER_NUMBER_OBJECT_CONVERSION = YES_AGGRESSIVE;
				CLANG_CXX_LANGUAGE_STANDARD = "gnu++14";
				CLANG_CXX_LIBRARY = "libc++";
				CLANG_ENABLE_MODULES = YES;
				CLANG_ENABLE_OBJC_ARC = YES;
				CLANG_ENABLE_OBJC_WEAK = YES;
				CLANG_WARN_BLOCK_CAPTURE_AUTORELEASING = YES;
				CLANG_WARN_BOOL_CONVERSION = YES;
				CLANG_WARN_COMMA = YES;
				CLANG_WARN_CONSTANT_CONVERSION = YES;
				CLANG_WARN_DEPRECATED_OBJC_IMPLEMENTATIONS = YES;
				CLANG_WARN_DIRECT_OBJC_ISA_USAGE = YES_ERROR;
				CLANG_WARN_DOCUMENTATION_COMMENTS = YES;
				CLANG_WARN_EMPTY_BODY = YES;
				CLANG_WARN_ENUM_CONVERSION = YES;
				CLANG_WARN_INFINITE_RECURSION = YES;
				CLANG_WARN_INT_CONVERSION = YES;
				CLANG_WARN_NON_LITERAL_NULL_CONVERSION = YES;
				CLANG_WARN_OBJC_IMPLICIT_RETAIN_SELF = YES;
				CLANG_WARN_OBJC_LITERAL_CONVERSION = YES;
				CLANG_WARN_OBJC_ROOT_CLASS = YES_ERROR;
				CLANG_WARN_RANGE_LOOP_ANALYSIS = YES;
				CLANG_WARN_STRICT_PROTOTYPES = YES;
				CLANG_WARN_SUSPICIOUS_MOVE = YES;
				CLANG_WARN_UNGUARDED_AVAILABILITY = YES_AGGRESSIVE;
				CLANG_WARN_UNREACHABLE_CODE = YES;
				CLANG_WARN__DUPLICATE_METHOD_MATCH = YES;
				CODE_SIGN_IDENTITY = "iPhone Developer";
				COPY_PHASE_STRIP = NO;
				DEBUG_INFORMATION_FORMAT = "dwarf-with-dsym";
				ENABLE_NS_ASSERTIONS = NO;
				ENABLE_STRICT_OBJC_MSGSEND = YES;
				GCC_C_LANGUAGE_STANDARD = gnu11;
				GCC_NO_COMMON_BLOCKS = YES;
				GCC_WARN_64_TO_32_BIT_CONVERSION = YES;
				GCC_WARN_ABOUT_RETURN_TYPE = YES_ERROR;
				GCC_WARN_UNDECLARED_SELECTOR = YES;
				GCC_WARN_UNINITIALIZED_AUTOS = YES_AGGRESSIVE;
				GCC_WARN_UNUSED_FUNCTION = YES;
				GCC_WARN_UNUSED_VARIABLE = YES;
				IPHONEOS_DEPLOYMENT_TARGET = 12.1;
				MTL_ENABLE_DEBUG_INFO = NO;
				MTL_FAST_MATH = YES;
				SDKROOT = iphoneos;
				VALIDATE_PRODUCT = YES;
			};
			name = Release;
		};
		04E4D50D225C351E0067D70C /* Debug */ = {
			isa = XCBuildConfiguration;
			baseConfigurationReference = 51D8559C78280093F1FD5FCF /* Pods-XJ_WeChat.debug.xcconfig */;
			buildSettings = {
				ASSETCATALOG_COMPILER_APPICON_NAME = AppIcon;
				ASSETCATALOG_COMPILER_LAUNCHIMAGE_NAME = LaunchImage;
				CODE_SIGN_STYLE = Automatic;
				DEVELOPMENT_TEAM = 2VV6YBT2XB;
				GCC_PREFIX_HEADER = "$(SRCROOT)/XJ_WeChat/PrefixHeader_XJ.pch";
				INFOPLIST_FILE = XJ_WeChat/Info.plist;
				IPHONEOS_DEPLOYMENT_TARGET = 9.0;
				LD_RUNPATH_SEARCH_PATHS = (
					"$(inherited)",
					"@executable_path/Frameworks",
				);
				PRODUCT_BUNDLE_IDENTIFIER = "com.waterElephant.XJ-WeChat";
				PRODUCT_NAME = "$(TARGET_NAME)";
				TARGETED_DEVICE_FAMILY = "1,2";
			};
			name = Debug;
		};
		04E4D50E225C351E0067D70C /* Release */ = {
			isa = XCBuildConfiguration;
			baseConfigurationReference = 0F4D5CE3FCACC0B058DEB9EE /* Pods-XJ_WeChat.release.xcconfig */;
			buildSettings = {
				ASSETCATALOG_COMPILER_APPICON_NAME = AppIcon;
				ASSETCATALOG_COMPILER_LAUNCHIMAGE_NAME = LaunchImage;
				CODE_SIGN_STYLE = Automatic;
				DEVELOPMENT_TEAM = 2VV6YBT2XB;
				GCC_PREFIX_HEADER = "$(SRCROOT)/XJ_WeChat/PrefixHeader_XJ.pch";
				INFOPLIST_FILE = XJ_WeChat/Info.plist;
				IPHONEOS_DEPLOYMENT_TARGET = 9.0;
				LD_RUNPATH_SEARCH_PATHS = (
					"$(inherited)",
					"@executable_path/Frameworks",
				);
				PRODUCT_BUNDLE_IDENTIFIER = "com.waterElephant.XJ-WeChat";
				PRODUCT_NAME = "$(TARGET_NAME)";
				TARGETED_DEVICE_FAMILY = "1,2";
			};
			name = Release;
		};
/* End XCBuildConfiguration section */

/* Begin XCConfigurationList section */
		04E4D4F1225C351D0067D70C /* Build configuration list for PBXProject "XJ_WeChat" */ = {
			isa = XCConfigurationList;
			buildConfigurations = (
				04E4D50A225C351E0067D70C /* Debug */,
				04E4D50B225C351E0067D70C /* Release */,
			);
			defaultConfigurationIsVisible = 0;
			defaultConfigurationName = Release;
		};
		04E4D50C225C351E0067D70C /* Build configuration list for PBXNativeTarget "XJ_WeChat" */ = {
			isa = XCConfigurationList;
			buildConfigurations = (
				04E4D50D225C351E0067D70C /* Debug */,
				04E4D50E225C351E0067D70C /* Release */,
			);
			defaultConfigurationIsVisible = 0;
			defaultConfigurationName = Release;
		};
/* End XCConfigurationList section */
	};
	rootObject = 04E4D4EE225C351D0067D70C /* Project object */;
}
